{
  "object": {
    "pins": [
      {
        "package": "AEXML",
        "repositoryURL": "https://github.com/tadija/AEXML.git",
        "state": {
          "branch": null,
          "revision": "6eea665515d079c338690147082a8084a36484b0",
          "version": "4.3.0"
        }
      },
      {
        "package": "SwiftPM",
        "repositoryURL": "https://github.com/apple/swift-package-manager",
        "state": {
          "branch": "swift-DEVELOPMENT-SNAPSHOT-2018-09-14-a",
          "revision": "3bdb862742f6a463af4265d46fdb92f95a80336f",
          "version": null
        }
      }
    ]
  },
  "version": 1
}
