// !$*UTF8*$!
{
	archiveVersion = 1;
	classes = {
	};
	objectVersion = 46;
	objects = {

/* Begin PBXBuildFile section */
		BF_102651098714 /* PBXShellScriptBuildPhase.swift in Sources */ = {isa = PBXBuildFile; fileRef = FR_470724385829 /* PBXShellScriptBuildPhase.swift */; };
		BF_105595380132 /* PBXNativeTarget.swift in Sources */ = {isa = PBXBuildFile; fileRef = FR_165933293414 /* PBXNativeTarget.swift */; };
		BF_106115939547 /* PBXGroup.swift in Sources */ = {isa = PBXBuildFile; fileRef = FR_303420191024 /* PBXGroup.swift */; };
		BF_110283610594 /* PBXAggregateTarget.swift in Sources */ = {isa = PBXBuildFile; fileRef = FR_454449099295 /* PBXAggregateTarget.swift */; };
		BF_111404636218 /* Dictionary+Extras.swift in Sources */ = {isa = PBXBuildFile; fileRef = FR_803346231335 /* Dictionary+Extras.swift */; };
		BF_114404990159 /* Bool+Extras.swift in Sources */ = {isa = PBXBuildFile; fileRef = FR_279206274520 /* Bool+Extras.swift */; };
		BF_114864391255 /* PBXObject.swift in Sources */ = {isa = PBXBuildFile; fileRef = FR_694647173137 /* PBXObject.swift */; };
		BF_117409056616 /* PBXVariantGroup.swift in Sources */ = {isa = PBXBuildFile; fileRef = FR_153950111150 /* PBXVariantGroup.swift */; };
		BF_119978129533 /* PBXProjError.swift in Sources */ = {isa = PBXBuildFile; fileRef = FR_486481527041 /* PBXProjError.swift */; };
		BF_124637898337 /* PBXObject.swift in Sources */ = {isa = PBXBuildFile; fileRef = FR_694647173137 /* PBXObject.swift */; };
		BF_125215864081 /* Writable.swift in Sources */ = {isa = PBXBuildFile; fileRef = FR_485593699513 /* Writable.swift */; };
		BF_130083256096 /* Bool+Extras.swift in Sources */ = {isa = PBXBuildFile; fileRef = FR_279206274520 /* Bool+Extras.swift */; };
		BF_132051638991 /* XCWorkspaceDataGroup.swift in Sources */ = {isa = PBXBuildFile; fileRef = FR_911805007766 /* XCWorkspaceDataGroup.swift */; };
		BF_132318055158 /* XCConfigurationList.swift in Sources */ = {isa = PBXBuildFile; fileRef = FR_681886575696 /* XCConfigurationList.swift */; };
		BF_135159261539 /* XcodeProj.swift in Sources */ = {isa = PBXBuildFile; fileRef = FR_669698725035 /* XcodeProj.swift */; };
		BF_141389597348 /* XCWorkspace.swift in Sources */ = {isa = PBXBuildFile; fileRef = FR_893903603936 /* XCWorkspace.swift */; };
		BF_144472795688 /* PBXProjEncoder.swift in Sources */ = {isa = PBXBuildFile; fileRef = FR_809553207272 /* PBXProjEncoder.swift */; };
		BF_154047394252 /* PBXReferenceProxy.swift in Sources */ = {isa = PBXBuildFile; fileRef = FR_131692021407 /* PBXReferenceProxy.swift */; };
		BF_157173823225 /* PBXCopyFilesBuildPhase.swift in Sources */ = {isa = PBXBuildFile; fileRef = FR_614257680336 /* PBXCopyFilesBuildPhase.swift */; };
		BF_158652544911 /* PBXProductType.swift in Sources */ = {isa = PBXBuildFile; fileRef = FR_693607042109 /* PBXProductType.swift */; };
		BF_159247876884 /* PBXCopyFilesBuildPhase.swift in Sources */ = {isa = PBXBuildFile; fileRef = FR_614257680336 /* PBXCopyFilesBuildPhase.swift */; };
		BF_162289106759 /* Sourcery.swift in Sources */ = {isa = PBXBuildFile; fileRef = FR_688120798400 /* Sourcery.swift */; };
		BF_163364427103 /* String+Extras.swift in Sources */ = {isa = PBXBuildFile; fileRef = FR_327872454114 /* String+Extras.swift */; };
		BF_169491878243 /* PBXTarget.swift in Sources */ = {isa = PBXBuildFile; fileRef = FR_739681752628 /* PBXTarget.swift */; };
		BF_172989337398 /* XCBuildConfiguration.swift in Sources */ = {isa = PBXBuildFile; fileRef = FR_748243817718 /* XCBuildConfiguration.swift */; };
		BF_178195659865 /* PBXProductType.swift in Sources */ = {isa = PBXBuildFile; fileRef = FR_693607042109 /* PBXProductType.swift */; };
		BF_180295097662 /* PBXVariantGroup+Deprecations.swift in Sources */ = {isa = PBXBuildFile; fileRef = FR_665789291664 /* PBXVariantGroup+Deprecations.swift */; };
		BF_180492596501 /* PBXAggregateTarget.swift in Sources */ = {isa = PBXBuildFile; fileRef = FR_454449099295 /* PBXAggregateTarget.swift */; };
		BF_181289742579 /* PBXShellScriptBuildPhase.swift in Sources */ = {isa = PBXBuildFile; fileRef = FR_470724385829 /* PBXShellScriptBuildPhase.swift */; };
		BF_190054517761 /* XCSharedData.swift in Sources */ = {isa = PBXBuildFile; fileRef = FR_278660712592 /* XCSharedData.swift */; };
		BF_193519698725 /* PBXAggregateTarget.swift in Sources */ = {isa = PBXBuildFile; fileRef = FR_454449099295 /* PBXAggregateTarget.swift */; };
		BF_194508697621 /* JSONDecoding.swift in Sources */ = {isa = PBXBuildFile; fileRef = FR_885631386418 /* JSONDecoding.swift */; };
		BF_194836527664 /* KeyedDecodingContainer+Additions.swift in Sources */ = {isa = PBXBuildFile; fileRef = FR_745787603847 /* KeyedDecodingContainer+Additions.swift */; };
		BF_195542838957 /* AEXML.framework in Frameworks */ = {isa = PBXBuildFile; fileRef = FR_791567841149 /* AEXML.framework */; };
		BF_197485753172 /* CommentedString.swift in Sources */ = {isa = PBXBuildFile; fileRef = FR_819119635064 /* CommentedString.swift */; };
		BF_200318676811 /* PBXShellScriptBuildPhase.swift in Sources */ = {isa = PBXBuildFile; fileRef = FR_470724385829 /* PBXShellScriptBuildPhase.swift */; };
		BF_207244926592 /* PathKit.framework in Frameworks */ = {isa = PBXBuildFile; fileRef = FR_786932701930 /* PathKit.framework */; };
		BF_214008117025 /* PBXLegacyTarget.swift in Sources */ = {isa = PBXBuildFile; fileRef = FR_587107588268 /* PBXLegacyTarget.swift */; };
		BF_215374231296 /* XCConfig.swift in Sources */ = {isa = PBXBuildFile; fileRef = FR_510335926530 /* XCConfig.swift */; };
		BF_215875298939 /* PBXProjError.swift in Sources */ = {isa = PBXBuildFile; fileRef = FR_486481527041 /* PBXProjError.swift */; };
		BF_226106006353 /* String+Extras.swift in Sources */ = {isa = PBXBuildFile; fileRef = FR_327872454114 /* String+Extras.swift */; };
		BF_230310496113 /* XCBuildConfiguration.swift in Sources */ = {isa = PBXBuildFile; fileRef = FR_748243817718 /* XCBuildConfiguration.swift */; };
		BF_237687198546 /* PBXFileReference.swift in Sources */ = {isa = PBXBuildFile; fileRef = FR_455991459994 /* PBXFileReference.swift */; };
		BF_239003898000 /* BuildSettings.swift in Sources */ = {isa = PBXBuildFile; fileRef = FR_149041851750 /* BuildSettings.swift */; };
		BF_244895621522 /* PBXFileElement.swift in Sources */ = {isa = PBXBuildFile; fileRef = FR_787166355025 /* PBXFileElement.swift */; };
		BF_245085022363 /* PathKit.framework in Frameworks */ = {isa = PBXBuildFile; fileRef = FR_205773741306 /* PathKit.framework */; };
		BF_249454753652 /* KeyedDecodingContainer+Additions.swift in Sources */ = {isa = PBXBuildFile; fileRef = FR_745787603847 /* KeyedDecodingContainer+Additions.swift */; };
		BF_264243388096 /* Referenceable.swift in Sources */ = {isa = PBXBuildFile; fileRef = FR_138039886357 /* Referenceable.swift */; };
		BF_266096211581 /* Writable.swift in Sources */ = {isa = PBXBuildFile; fileRef = FR_485593699513 /* Writable.swift */; };
		BF_267433366342 /* BuildSettings.swift in Sources */ = {isa = PBXBuildFile; fileRef = FR_149041851750 /* BuildSettings.swift */; };
		BF_268015607807 /* XCWorkspace.swift in Sources */ = {isa = PBXBuildFile; fileRef = FR_893903603936 /* XCWorkspace.swift */; };
		BF_278675196147 /* PBXContainerItemProxy.swift in Sources */ = {isa = PBXBuildFile; fileRef = FR_448436085308 /* PBXContainerItemProxy.swift */; };
		BF_284896156850 /* PBXProject+Deprecations.swift in Sources */ = {isa = PBXBuildFile; fileRef = FR_165351551217 /* PBXProject+Deprecations.swift */; };
		BF_285514634204 /* Sourcery.swift in Sources */ = {isa = PBXBuildFile; fileRef = FR_688120798400 /* Sourcery.swift */; };
		BF_288998901636 /* PBXRezBuildPhase.swift in Sources */ = {isa = PBXBuildFile; fileRef = FR_547540654868 /* PBXRezBuildPhase.swift */; };
		BF_290302567270 = {isa = PBXBuildFile; fileRef = FR_861689647763 /* xcodeproj.framework */; };
		BF_290431657207 /* PBXBuildPhase.swift in Sources */ = {isa = PBXBuildFile; fileRef = FR_278411425551 /* PBXBuildPhase.swift */; };
		BF_292042250353 /* PBXSourcesBuildPhase.swift in Sources */ = {isa = PBXBuildFile; fileRef = FR_819592302467 /* PBXSourcesBuildPhase.swift */; };
		BF_295343488779 /* PBXProjError.swift in Sources */ = {isa = PBXBuildFile; fileRef = FR_486481527041 /* PBXProjError.swift */; };
		BF_302476027382 /* PBXProjObjects+Helpers.swift in Sources */ = {isa = PBXBuildFile; fileRef = FR_189906231851 /* PBXProjObjects+Helpers.swift */; };
		BF_311107914285 /* XcodeProj.swift in Sources */ = {isa = PBXBuildFile; fileRef = FR_669698725035 /* XcodeProj.swift */; };
		BF_333317083361 /* XCConfigurationList.swift in Sources */ = {isa = PBXBuildFile; fileRef = FR_681886575696 /* XCConfigurationList.swift */; };
		BF_336718897898 /* PBXProject+Deprecations.swift in Sources */ = {isa = PBXBuildFile; fileRef = FR_165351551217 /* PBXProject+Deprecations.swift */; };
		BF_339028823348 /* String+Extras.swift in Sources */ = {isa = PBXBuildFile; fileRef = FR_327872454114 /* String+Extras.swift */; };
		BF_340419031629 /* PBXReferenceProxy.swift in Sources */ = {isa = PBXBuildFile; fileRef = FR_131692021407 /* PBXReferenceProxy.swift */; };
		BF_341937339857 /* XCVersionGroup.swift in Sources */ = {isa = PBXBuildFile; fileRef = FR_806699391025 /* XCVersionGroup.swift */; };
		BF_345227527309 /* PBXShellScriptBuildPhase.swift in Sources */ = {isa = PBXBuildFile; fileRef = FR_470724385829 /* PBXShellScriptBuildPhase.swift */; };
		BF_353744275151 /* XCWorkspaceDataElementLocationType.swift in Sources */ = {isa = PBXBuildFile; fileRef = FR_165290392722 /* XCWorkspaceDataElementLocationType.swift */; };
		BF_363087425500 /* PBXBuildFile.swift in Sources */ = {isa = PBXBuildFile; fileRef = FR_661456925505 /* PBXBuildFile.swift */; };
		BF_363822291446 /* XCBuildConfiguration.swift in Sources */ = {isa = PBXBuildFile; fileRef = FR_748243817718 /* XCBuildConfiguration.swift */; };
		BF_367844709361 /* PBXLegacyTarget.swift in Sources */ = {isa = PBXBuildFile; fileRef = FR_587107588268 /* PBXLegacyTarget.swift */; };
		BF_373709350146 /* XCScheme.swift in Sources */ = {isa = PBXBuildFile; fileRef = FR_222744543918 /* XCScheme.swift */; };
		BF_376295417332 /* XCVersionGroup.swift in Sources */ = {isa = PBXBuildFile; fileRef = FR_806699391025 /* XCVersionGroup.swift */; };
		BF_376410708852 /* XCWorkspace.swift in Sources */ = {isa = PBXBuildFile; fileRef = FR_893903603936 /* XCWorkspace.swift */; };
		BF_380001652649 /* PBXProject+Deprecations.swift in Sources */ = {isa = PBXBuildFile; fileRef = FR_165351551217 /* PBXProject+Deprecations.swift */; };
		BF_380041679265 /* PBXFileReference.swift in Sources */ = {isa = PBXBuildFile; fileRef = FR_455991459994 /* PBXFileReference.swift */; };
		BF_380623377453 /* PBXContainerItemProxy.swift in Sources */ = {isa = PBXBuildFile; fileRef = FR_448436085308 /* PBXContainerItemProxy.swift */; };
		BF_383561969139 /* PBXBuildRule.swift in Sources */ = {isa = PBXBuildFile; fileRef = FR_659957006204 /* PBXBuildRule.swift */; };
		BF_386304166067 /* XCWorkspaceDataElementLocationType.swift in Sources */ = {isa = PBXBuildFile; fileRef = FR_165290392722 /* XCWorkspaceDataElementLocationType.swift */; };
		BF_391317270980 /* Decodable+Dictionary.swift in Sources */ = {isa = PBXBuildFile; fileRef = FR_343250539900 /* Decodable+Dictionary.swift */; };
		BF_392023250716 /* PBXLegacyTarget.swift in Sources */ = {isa = PBXBuildFile; fileRef = FR_587107588268 /* PBXLegacyTarget.swift */; };
		BF_392224702823 /* XCConfig.swift in Sources */ = {isa = PBXBuildFile; fileRef = FR_510335926530 /* XCConfig.swift */; };
		BF_397466043697 /* XCBreakpointList.swift in Sources */ = {isa = PBXBuildFile; fileRef = FR_523232380533 /* XCBreakpointList.swift */; };
		BF_399159580637 /* PBXProj.swift in Sources */ = {isa = PBXBuildFile; fileRef = FR_727253575872 /* PBXProj.swift */; };
		BF_409312813481 /* AEXML.framework in Frameworks */ = {isa = PBXBuildFile; fileRef = FR_491863126733 /* AEXML.framework */; };
		BF_411259918251 /* PBXContainerItem.swift in Sources */ = {isa = PBXBuildFile; fileRef = FR_812963853563 /* PBXContainerItem.swift */; };
		BF_412163205632 /* PBXCopyFilesBuildPhase.swift in Sources */ = {isa = PBXBuildFile; fileRef = FR_614257680336 /* PBXCopyFilesBuildPhase.swift */; };
		BF_412758665292 = {isa = PBXBuildFile; fileRef = FR_900268115459 /* xcodeproj.framework */; };
		BF_420387679776 /* PBXReferenceProxy.swift in Sources */ = {isa = PBXBuildFile; fileRef = FR_131692021407 /* PBXReferenceProxy.swift */; };
		BF_421333039884 /* PBXHeadersBuildPhase.swift in Sources */ = {isa = PBXBuildFile; fileRef = FR_625796391526 /* PBXHeadersBuildPhase.swift */; };
		BF_421593612622 /* Bool+Extras.swift in Sources */ = {isa = PBXBuildFile; fileRef = FR_279206274520 /* Bool+Extras.swift */; };
		BF_422004006568 /* CommentedString.swift in Sources */ = {isa = PBXBuildFile; fileRef = FR_819119635064 /* CommentedString.swift */; };
		BF_422059193885 /* Equality.generated.swift in Sources */ = {isa = PBXBuildFile; fileRef = FR_562048009497 /* Equality.generated.swift */; };
		BF_429440147492 /* Dictionary+Extras.swift in Sources */ = {isa = PBXBuildFile; fileRef = FR_803346231335 /* Dictionary+Extras.swift */; };
		BF_433748598600 /* BuildSettings.swift in Sources */ = {isa = PBXBuildFile; fileRef = FR_149041851750 /* BuildSettings.swift */; };
		BF_434025742943 /* XCWorkspaceDataElement.swift in Sources */ = {isa = PBXBuildFile; fileRef = FR_827969270469 /* XCWorkspaceDataElement.swift */; };
		BF_434353747344 /* PBXSourceTree.swift in Sources */ = {isa = PBXBuildFile; fileRef = FR_650889871282 /* PBXSourceTree.swift */; };
		BF_435962981154 /* PBXHeadersBuildPhase.swift in Sources */ = {isa = PBXBuildFile; fileRef = FR_625796391526 /* PBXHeadersBuildPhase.swift */; };
		BF_437217754624 /* Equality.generated.swift in Sources */ = {isa = PBXBuildFile; fileRef = FR_562048009497 /* Equality.generated.swift */; };
		BF_440139204833 /* BuildPhase.swift in Sources */ = {isa = PBXBuildFile; fileRef = FR_752596411378 /* BuildPhase.swift */; };
		BF_441888478287 /* PBXRezBuildPhase.swift in Sources */ = {isa = PBXBuildFile; fileRef = FR_547540654868 /* PBXRezBuildPhase.swift */; };
		BF_444015206707 /* PBXTarget.swift in Sources */ = {isa = PBXBuildFile; fileRef = FR_739681752628 /* PBXTarget.swift */; };
		BF_447561296036 /* XCWorkspaceDataFileRef.swift in Sources */ = {isa = PBXBuildFile; fileRef = FR_165214534337 /* XCWorkspaceDataFileRef.swift */; };
		BF_453157596153 /* PBXProj.swift in Sources */ = {isa = PBXBuildFile; fileRef = FR_727253575872 /* PBXProj.swift */; };
		BF_454074300358 /* PBXBuildFile.swift in Sources */ = {isa = PBXBuildFile; fileRef = FR_661456925505 /* PBXBuildFile.swift */; };
		BF_456766985854 /* XCWorkspaceDataGroup.swift in Sources */ = {isa = PBXBuildFile; fileRef = FR_911805007766 /* XCWorkspaceDataGroup.swift */; };
		BF_460399337892 /* PBXHeadersBuildPhase.swift in Sources */ = {isa = PBXBuildFile; fileRef = FR_625796391526 /* PBXHeadersBuildPhase.swift */; };
		BF_462494863765 /* PBXFileReference.swift in Sources */ = {isa = PBXBuildFile; fileRef = FR_455991459994 /* PBXFileReference.swift */; };
		BF_462529629436 /* XCWorkspaceDataElementLocationType.swift in Sources */ = {isa = PBXBuildFile; fileRef = FR_165290392722 /* XCWorkspaceDataElementLocationType.swift */; };
		BF_468258816357 /* ObjectReference.swift in Sources */ = {isa = PBXBuildFile; fileRef = FR_627263138408 /* ObjectReference.swift */; };
		BF_470439646866 /* PBXContainerItem.swift in Sources */ = {isa = PBXBuildFile; fileRef = FR_812963853563 /* PBXContainerItem.swift */; };
		BF_471082705831 /* AEXML+XcodeFormat.swift in Sources */ = {isa = PBXBuildFile; fileRef = FR_261607325575 /* AEXML+XcodeFormat.swift */; };
		BF_474442116805 /* AEXML+XcodeFormat.swift in Sources */ = {isa = PBXBuildFile; fileRef = FR_261607325575 /* AEXML+XcodeFormat.swift */; };
		BF_474615836326 /* Writable.swift in Sources */ = {isa = PBXBuildFile; fileRef = FR_485593699513 /* Writable.swift */; };
		BF_478495422758 /* XCWorkspace.swift in Sources */ = {isa = PBXBuildFile; fileRef = FR_893903603936 /* XCWorkspace.swift */; };
		BF_482164552243 /* Bool+Extras.swift in Sources */ = {isa = PBXBuildFile; fileRef = FR_279206274520 /* Bool+Extras.swift */; };
		BF_482833900707 /* PBXNativeTarget.swift in Sources */ = {isa = PBXBuildFile; fileRef = FR_165933293414 /* PBXNativeTarget.swift */; };
		BF_486365116884 /* Decodable+Dictionary.swift in Sources */ = {isa = PBXBuildFile; fileRef = FR_343250539900 /* Decodable+Dictionary.swift */; };
		BF_489266283286 /* Sourcery.swift in Sources */ = {isa = PBXBuildFile; fileRef = FR_688120798400 /* Sourcery.swift */; };
		BF_497621756220 /* PBXFileElement.swift in Sources */ = {isa = PBXBuildFile; fileRef = FR_787166355025 /* PBXFileElement.swift */; };
		BF_500990483514 /* XCWorkspaceDataFileRef.swift in Sources */ = {isa = PBXBuildFile; fileRef = FR_165214534337 /* XCWorkspaceDataFileRef.swift */; };
		BF_502870890923 /* PBXCopyFilesBuildPhase.swift in Sources */ = {isa = PBXBuildFile; fileRef = FR_614257680336 /* PBXCopyFilesBuildPhase.swift */; };
		BF_507714317526 /* PBXAggregateTarget.swift in Sources */ = {isa = PBXBuildFile; fileRef = FR_454449099295 /* PBXAggregateTarget.swift */; };
		BF_509509357607 /* XCBreakpointList.swift in Sources */ = {isa = PBXBuildFile; fileRef = FR_523232380533 /* XCBreakpointList.swift */; };
		BF_511688992172 /* PBXObject.swift in Sources */ = {isa = PBXBuildFile; fileRef = FR_694647173137 /* PBXObject.swift */; };
		BF_512116863510 /* PlistValue.swift in Sources */ = {isa = PBXBuildFile; fileRef = FR_387196491816 /* PlistValue.swift */; };
		BF_517099469544 /* PBXProj.swift in Sources */ = {isa = PBXBuildFile; fileRef = FR_727253575872 /* PBXProj.swift */; };
		BF_519564911164 /* PBXFrameworksBuildPhase.swift in Sources */ = {isa = PBXBuildFile; fileRef = FR_744623247667 /* PBXFrameworksBuildPhase.swift */; };
		BF_523911562419 /* XCConfigurationList.swift in Sources */ = {isa = PBXBuildFile; fileRef = FR_681886575696 /* XCConfigurationList.swift */; };
		BF_524915921939 /* XCWorkspaceDataElement.swift in Sources */ = {isa = PBXBuildFile; fileRef = FR_827969270469 /* XCWorkspaceDataElement.swift */; };
		BF_528697017860 /* PBXBuildFile.swift in Sources */ = {isa = PBXBuildFile; fileRef = FR_661456925505 /* PBXBuildFile.swift */; };
		BF_530881416508 /* KeyedDecodingContainer+Additions.swift in Sources */ = {isa = PBXBuildFile; fileRef = FR_745787603847 /* KeyedDecodingContainer+Additions.swift */; };
		BF_532324593493 /* XCSharedData.swift in Sources */ = {isa = PBXBuildFile; fileRef = FR_278660712592 /* XCSharedData.swift */; };
		BF_536087150345 /* PBXFileReference.swift in Sources */ = {isa = PBXBuildFile; fileRef = FR_455991459994 /* PBXFileReference.swift */; };
		BF_537802509841 /* PlistValue.swift in Sources */ = {isa = PBXBuildFile; fileRef = FR_387196491816 /* PlistValue.swift */; };
		BF_538961184825 /* PBXFileElement.swift in Sources */ = {isa = PBXBuildFile; fileRef = FR_787166355025 /* PBXFileElement.swift */; };
		BF_543451422202 /* PBXNativeTarget.swift in Sources */ = {isa = PBXBuildFile; fileRef = FR_165933293414 /* PBXNativeTarget.swift */; };
		BF_545644284256 /* PBXVariantGroup+Deprecations.swift in Sources */ = {isa = PBXBuildFile; fileRef = FR_665789291664 /* PBXVariantGroup+Deprecations.swift */; };
		BF_546022161693 /* BuildPhase.swift in Sources */ = {isa = PBXBuildFile; fileRef = FR_752596411378 /* BuildPhase.swift */; };
		BF_547958830907 /* PBXSourcesBuildPhase.swift in Sources */ = {isa = PBXBuildFile; fileRef = FR_819592302467 /* PBXSourcesBuildPhase.swift */; };
		BF_549028744846 = {isa = PBXBuildFile; fileRef = FR_600606385259 /* xcodeproj.framework */; };
		BF_549671147056 /* PBXProject.swift in Sources */ = {isa = PBXBuildFile; fileRef = FR_570315870723 /* PBXProject.swift */; };
		BF_550308775635 /* PBXBuildPhase.swift in Sources */ = {isa = PBXBuildFile; fileRef = FR_278411425551 /* PBXBuildPhase.swift */; };
		BF_553634277769 /* PBXTargetDependency.swift in Sources */ = {isa = PBXBuildFile; fileRef = FR_576770440401 /* PBXTargetDependency.swift */; };
		BF_563444357603 /* Referenceable.swift in Sources */ = {isa = PBXBuildFile; fileRef = FR_138039886357 /* Referenceable.swift */; };
		BF_565948924362 /* AEXML.framework in Frameworks */ = {isa = PBXBuildFile; fileRef = FR_692089783518 /* AEXML.framework */; };
		BF_569893674302 /* PBXResourcesBuildPhase.swift in Sources */ = {isa = PBXBuildFile; fileRef = FR_283834098380 /* PBXResourcesBuildPhase.swift */; };
		BF_578316495743 /* PBXSourceTree.swift in Sources */ = {isa = PBXBuildFile; fileRef = FR_650889871282 /* PBXSourceTree.swift */; };
		BF_579786743380 /* PBXFrameworksBuildPhase.swift in Sources */ = {isa = PBXBuildFile; fileRef = FR_744623247667 /* PBXFrameworksBuildPhase.swift */; };
		BF_581393090700 /* PBXVariantGroup+Deprecations.swift in Sources */ = {isa = PBXBuildFile; fileRef = FR_665789291664 /* PBXVariantGroup+Deprecations.swift */; };
		BF_582192983058 /* PBXHeadersBuildPhase.swift in Sources */ = {isa = PBXBuildFile; fileRef = FR_625796391526 /* PBXHeadersBuildPhase.swift */; };
		BF_592303373488 /* PathKit.framework in Frameworks */ = {isa = PBXBuildFile; fileRef = FR_685613406722 /* PathKit.framework */; };
		BF_593590826159 /* PBXResourcesBuildPhase.swift in Sources */ = {isa = PBXBuildFile; fileRef = FR_283834098380 /* PBXResourcesBuildPhase.swift */; };
		BF_594418579739 /* XCConfig.swift in Sources */ = {isa = PBXBuildFile; fileRef = FR_510335926530 /* XCConfig.swift */; };
		BF_595058548589 /* PBXBuildRule.swift in Sources */ = {isa = PBXBuildFile; fileRef = FR_659957006204 /* PBXBuildRule.swift */; };
		BF_596436438396 /* PBXProj+Helpers.swift in Sources */ = {isa = PBXBuildFile; fileRef = FR_390786829601 /* PBXProj+Helpers.swift */; };
		BF_597295139730 /* Sourcery.swift in Sources */ = {isa = PBXBuildFile; fileRef = FR_688120798400 /* Sourcery.swift */; };
		BF_597643984339 /* XCSharedData.swift in Sources */ = {isa = PBXBuildFile; fileRef = FR_278660712592 /* XCSharedData.swift */; };
		BF_598451549656 /* PBXVariantGroup.swift in Sources */ = {isa = PBXBuildFile; fileRef = FR_153950111150 /* PBXVariantGroup.swift */; };
		BF_598997546309 /* XCConfigurationList.swift in Sources */ = {isa = PBXBuildFile; fileRef = FR_681886575696 /* XCConfigurationList.swift */; };
		BF_600372829119 /* PBXProject.swift in Sources */ = {isa = PBXBuildFile; fileRef = FR_570315870723 /* PBXProject.swift */; };
		BF_603791143459 /* XCWorkspaceDataElementLocationType.swift in Sources */ = {isa = PBXBuildFile; fileRef = FR_165290392722 /* XCWorkspaceDataElementLocationType.swift */; };
		BF_604980860979 /* PBXGroup.swift in Sources */ = {isa = PBXBuildFile; fileRef = FR_303420191024 /* PBXGroup.swift */; };
		BF_606311151479 /* PBXVariantGroup.swift in Sources */ = {isa = PBXBuildFile; fileRef = FR_153950111150 /* PBXVariantGroup.swift */; };
		BF_608162953927 /* XCWorkspaceDataElement.swift in Sources */ = {isa = PBXBuildFile; fileRef = FR_827969270469 /* XCWorkspaceDataElement.swift */; };
		BF_610332725582 /* PBXContainerItemProxy.swift in Sources */ = {isa = PBXBuildFile; fileRef = FR_448436085308 /* PBXContainerItemProxy.swift */; };
		BF_612807785390 /* PBXSourceTree.swift in Sources */ = {isa = PBXBuildFile; fileRef = FR_650889871282 /* PBXSourceTree.swift */; };
		BF_613761845973 /* BuildPhase.swift in Sources */ = {isa = PBXBuildFile; fileRef = FR_752596411378 /* BuildPhase.swift */; };
		BF_623339937460 /* PBXTarget.swift in Sources */ = {isa = PBXBuildFile; fileRef = FR_739681752628 /* PBXTarget.swift */; };
		BF_625452048968 /* PBXResourcesBuildPhase.swift in Sources */ = {isa = PBXBuildFile; fileRef = FR_283834098380 /* PBXResourcesBuildPhase.swift */; };
		BF_626688636222 = {isa = PBXBuildFile; fileRef = FR_776463914320 /* xcodeproj.framework */; };
		BF_631505778911 /* PBXProject+Deprecations.swift in Sources */ = {isa = PBXBuildFile; fileRef = FR_165351551217 /* PBXProject+Deprecations.swift */; };
		BF_637429908703 /* Referenceable.swift in Sources */ = {isa = PBXBuildFile; fileRef = FR_138039886357 /* Referenceable.swift */; };
		BF_656425329353 /* XCWorkspaceDataElement.swift in Sources */ = {isa = PBXBuildFile; fileRef = FR_827969270469 /* XCWorkspaceDataElement.swift */; };
		BF_662223031483 /* PBXTargetDependency.swift in Sources */ = {isa = PBXBuildFile; fileRef = FR_576770440401 /* PBXTargetDependency.swift */; };
		BF_672078013078 /* CommentedString.swift in Sources */ = {isa = PBXBuildFile; fileRef = FR_819119635064 /* CommentedString.swift */; };
		BF_678057410188 /* PBXContainerItem.swift in Sources */ = {isa = PBXBuildFile; fileRef = FR_812963853563 /* PBXContainerItem.swift */; };
		BF_679522948059 /* PBXNativeTarget.swift in Sources */ = {isa = PBXBuildFile; fileRef = FR_165933293414 /* PBXNativeTarget.swift */; };
		BF_683989176997 /* XCBuildConfiguration.swift in Sources */ = {isa = PBXBuildFile; fileRef = FR_748243817718 /* XCBuildConfiguration.swift */; };
		BF_686663888911 /* AEXML.framework in Frameworks */ = {isa = PBXBuildFile; fileRef = FR_360739631408 /* AEXML.framework */; };
		BF_688535075226 /* Equality.generated.swift in Sources */ = {isa = PBXBuildFile; fileRef = FR_562048009497 /* Equality.generated.swift */; };
		BF_688613182083 /* PBXLegacyTarget.swift in Sources */ = {isa = PBXBuildFile; fileRef = FR_587107588268 /* PBXLegacyTarget.swift */; };
		BF_691367152360 /* Dictionary+Extras.swift in Sources */ = {isa = PBXBuildFile; fileRef = FR_803346231335 /* Dictionary+Extras.swift */; };
		BF_692746902965 /* PBXProjEncoder.swift in Sources */ = {isa = PBXBuildFile; fileRef = FR_809553207272 /* PBXProjEncoder.swift */; };
		BF_697374900879 /* XcodeProj.swift in Sources */ = {isa = PBXBuildFile; fileRef = FR_669698725035 /* XcodeProj.swift */; };
		BF_699240376760 /* XCWorkspaceDataFileRef.swift in Sources */ = {isa = PBXBuildFile; fileRef = FR_165214534337 /* XCWorkspaceDataFileRef.swift */; };
		BF_705361399509 /* XCVersionGroup.swift in Sources */ = {isa = PBXBuildFile; fileRef = FR_806699391025 /* XCVersionGroup.swift */; };
		BF_707017396371 /* AEXML+XcodeFormat.swift in Sources */ = {isa = PBXBuildFile; fileRef = FR_261607325575 /* AEXML+XcodeFormat.swift */; };
		BF_707145232126 /* XCWorkspaceData.swift in Sources */ = {isa = PBXBuildFile; fileRef = FR_747850333253 /* XCWorkspaceData.swift */; };
		BF_708566933540 /* XCBreakpointList.swift in Sources */ = {isa = PBXBuildFile; fileRef = FR_523232380533 /* XCBreakpointList.swift */; };
		BF_709709560044 /* PBXFrameworksBuildPhase.swift in Sources */ = {isa = PBXBuildFile; fileRef = FR_744623247667 /* PBXFrameworksBuildPhase.swift */; };
		BF_712544181672 /* PBXProjError.swift in Sources */ = {isa = PBXBuildFile; fileRef = FR_486481527041 /* PBXProjError.swift */; };
		BF_712722708103 /* PBXSourcesBuildPhase.swift in Sources */ = {isa = PBXBuildFile; fileRef = FR_819592302467 /* PBXSourcesBuildPhase.swift */; };
		BF_712865554884 /* PBXProjObjects+Helpers.swift in Sources */ = {isa = PBXBuildFile; fileRef = FR_189906231851 /* PBXProjObjects+Helpers.swift */; };
		BF_713064662205 /* PBXProductType.swift in Sources */ = {isa = PBXBuildFile; fileRef = FR_693607042109 /* PBXProductType.swift */; };
		BF_714321674534 /* XCScheme.swift in Sources */ = {isa = PBXBuildFile; fileRef = FR_222744543918 /* XCScheme.swift */; };
		BF_715867161698 /* ObjectReference.swift in Sources */ = {isa = PBXBuildFile; fileRef = FR_627263138408 /* ObjectReference.swift */; };
		BF_717919674820 /* PBXBuildRule.swift in Sources */ = {isa = PBXBuildFile; fileRef = FR_659957006204 /* PBXBuildRule.swift */; };
		BF_720519057777 /* PBXGroup.swift in Sources */ = {isa = PBXBuildFile; fileRef = FR_303420191024 /* PBXGroup.swift */; };
		BF_722265438375 /* PBXResourcesBuildPhase.swift in Sources */ = {isa = PBXBuildFile; fileRef = FR_283834098380 /* PBXResourcesBuildPhase.swift */; };
		BF_723443325802 /* Equality.generated.swift in Sources */ = {isa = PBXBuildFile; fileRef = FR_562048009497 /* Equality.generated.swift */; };
		BF_725634315224 /* Decodable+Dictionary.swift in Sources */ = {isa = PBXBuildFile; fileRef = FR_343250539900 /* Decodable+Dictionary.swift */; };
		BF_725806376459 /* PBXFileElement.swift in Sources */ = {isa = PBXBuildFile; fileRef = FR_787166355025 /* PBXFileElement.swift */; };
		BF_727734667559 /* KeyedDecodingContainer+Additions.swift in Sources */ = {isa = PBXBuildFile; fileRef = FR_745787603847 /* KeyedDecodingContainer+Additions.swift */; };
		BF_729693881629 /* PBXProj+Helpers.swift in Sources */ = {isa = PBXBuildFile; fileRef = FR_390786829601 /* PBXProj+Helpers.swift */; };
		BF_746780604281 /* PathKit.framework in Frameworks */ = {isa = PBXBuildFile; fileRef = FR_240508634712 /* PathKit.framework */; };
		BF_747597832937 /* XCVersionGroup.swift in Sources */ = {isa = PBXBuildFile; fileRef = FR_806699391025 /* XCVersionGroup.swift */; };
		BF_751062741167 /* PBXGroup.swift in Sources */ = {isa = PBXBuildFile; fileRef = FR_303420191024 /* PBXGroup.swift */; };
		BF_753510942807 /* PBXVariantGroup+Deprecations.swift in Sources */ = {isa = PBXBuildFile; fileRef = FR_665789291664 /* PBXVariantGroup+Deprecations.swift */; };
		BF_756635712039 /* Dictionary+Extras.swift in Sources */ = {isa = PBXBuildFile; fileRef = FR_803346231335 /* Dictionary+Extras.swift */; };
		BF_757081128680 /* XCWorkspaceData.swift in Sources */ = {isa = PBXBuildFile; fileRef = FR_747850333253 /* XCWorkspaceData.swift */; };
		BF_765175993316 /* Writable.swift in Sources */ = {isa = PBXBuildFile; fileRef = FR_485593699513 /* Writable.swift */; };
		BF_766702477925 /* Decodable+Dictionary.swift in Sources */ = {isa = PBXBuildFile; fileRef = FR_343250539900 /* Decodable+Dictionary.swift */; };
		BF_771394856852 /* AEXML+XcodeFormat.swift in Sources */ = {isa = PBXBuildFile; fileRef = FR_261607325575 /* AEXML+XcodeFormat.swift */; };
		BF_771896407739 /* PBXProductType.swift in Sources */ = {isa = PBXBuildFile; fileRef = FR_693607042109 /* PBXProductType.swift */; };
		BF_777925079097 /* String+Extras.swift in Sources */ = {isa = PBXBuildFile; fileRef = FR_327872454114 /* String+Extras.swift */; };
		BF_778816735011 /* PBXProjObjects+Helpers.swift in Sources */ = {isa = PBXBuildFile; fileRef = FR_189906231851 /* PBXProjObjects+Helpers.swift */; };
		BF_780645892241 /* JSONDecoding.swift in Sources */ = {isa = PBXBuildFile; fileRef = FR_885631386418 /* JSONDecoding.swift */; };
		BF_780723374842 /* PlistValue.swift in Sources */ = {isa = PBXBuildFile; fileRef = FR_387196491816 /* PlistValue.swift */; };
		BF_781120733542 /* PBXProj.swift in Sources */ = {isa = PBXBuildFile; fileRef = FR_727253575872 /* PBXProj.swift */; };
		BF_781373400900 /* PBXBuildPhase.swift in Sources */ = {isa = PBXBuildFile; fileRef = FR_278411425551 /* PBXBuildPhase.swift */; };
		BF_787994108056 /* PBXVariantGroup.swift in Sources */ = {isa = PBXBuildFile; fileRef = FR_153950111150 /* PBXVariantGroup.swift */; };
		BF_793913660477 /* XCSharedData.swift in Sources */ = {isa = PBXBuildFile; fileRef = FR_278660712592 /* XCSharedData.swift */; };
		BF_797249258311 /* PBXFrameworksBuildPhase.swift in Sources */ = {isa = PBXBuildFile; fileRef = FR_744623247667 /* PBXFrameworksBuildPhase.swift */; };
		BF_799016711203 /* CommentedString.swift in Sources */ = {isa = PBXBuildFile; fileRef = FR_819119635064 /* CommentedString.swift */; };
		BF_801342059323 /* PBXSourceTree.swift in Sources */ = {isa = PBXBuildFile; fileRef = FR_650889871282 /* PBXSourceTree.swift */; };
		BF_801959232823 /* PlistValue.swift in Sources */ = {isa = PBXBuildFile; fileRef = FR_387196491816 /* PlistValue.swift */; };
		BF_804573872058 /* PBXProjObjects+Helpers.swift in Sources */ = {isa = PBXBuildFile; fileRef = FR_189906231851 /* PBXProjObjects+Helpers.swift */; };
		BF_805179318019 /* XcodeProj.swift in Sources */ = {isa = PBXBuildFile; fileRef = FR_669698725035 /* XcodeProj.swift */; };
		BF_809019618938 /* ObjectReference.swift in Sources */ = {isa = PBXBuildFile; fileRef = FR_627263138408 /* ObjectReference.swift */; };
		BF_809223245758 /* PBXBuildPhase.swift in Sources */ = {isa = PBXBuildFile; fileRef = FR_278411425551 /* PBXBuildPhase.swift */; };
		BF_810209782054 /* XCConfig.swift in Sources */ = {isa = PBXBuildFile; fileRef = FR_510335926530 /* XCConfig.swift */; };
		BF_811251344067 /* XCWorkspaceData.swift in Sources */ = {isa = PBXBuildFile; fileRef = FR_747850333253 /* XCWorkspaceData.swift */; };
		BF_813503103032 /* PBXObject.swift in Sources */ = {isa = PBXBuildFile; fileRef = FR_694647173137 /* PBXObject.swift */; };
		BF_814110166610 /* PBXProject.swift in Sources */ = {isa = PBXBuildFile; fileRef = FR_570315870723 /* PBXProject.swift */; };
		BF_816240031666 /* PBXProject.swift in Sources */ = {isa = PBXBuildFile; fileRef = FR_570315870723 /* PBXProject.swift */; };
		BF_823881407025 /* BuildPhase.swift in Sources */ = {isa = PBXBuildFile; fileRef = FR_752596411378 /* BuildPhase.swift */; };
		BF_827486800967 /* PBXBuildFile.swift in Sources */ = {isa = PBXBuildFile; fileRef = FR_661456925505 /* PBXBuildFile.swift */; };
		BF_831738698253 /* PBXTarget.swift in Sources */ = {isa = PBXBuildFile; fileRef = FR_739681752628 /* PBXTarget.swift */; };
		BF_831963376809 /* XCScheme.swift in Sources */ = {isa = PBXBuildFile; fileRef = FR_222744543918 /* XCScheme.swift */; };
		BF_832112682322 /* PBXProjEncoder.swift in Sources */ = {isa = PBXBuildFile; fileRef = FR_809553207272 /* PBXProjEncoder.swift */; };
		BF_832858060253 /* PBXContainerItemProxy.swift in Sources */ = {isa = PBXBuildFile; fileRef = FR_448436085308 /* PBXContainerItemProxy.swift */; };
		BF_837840570292 /* PBXContainerItem.swift in Sources */ = {isa = PBXBuildFile; fileRef = FR_812963853563 /* PBXContainerItem.swift */; };
		BF_842868938684 /* ObjectReference.swift in Sources */ = {isa = PBXBuildFile; fileRef = FR_627263138408 /* ObjectReference.swift */; };
		BF_856024675014 /* XCWorkspaceDataGroup.swift in Sources */ = {isa = PBXBuildFile; fileRef = FR_911805007766 /* XCWorkspaceDataGroup.swift */; };
		BF_860394015250 /* PBXTargetDependency.swift in Sources */ = {isa = PBXBuildFile; fileRef = FR_576770440401 /* PBXTargetDependency.swift */; };
		BF_866919055862 /* XCBreakpointList.swift in Sources */ = {isa = PBXBuildFile; fileRef = FR_523232380533 /* XCBreakpointList.swift */; };
		BF_868950118507 /* XCScheme.swift in Sources */ = {isa = PBXBuildFile; fileRef = FR_222744543918 /* XCScheme.swift */; };
		BF_871432919571 /* PBXProjEncoder.swift in Sources */ = {isa = PBXBuildFile; fileRef = FR_809553207272 /* PBXProjEncoder.swift */; };
		BF_878342454486 /* PBXSourcesBuildPhase.swift in Sources */ = {isa = PBXBuildFile; fileRef = FR_819592302467 /* PBXSourcesBuildPhase.swift */; };
		BF_882587710508 /* BuildSettings.swift in Sources */ = {isa = PBXBuildFile; fileRef = FR_149041851750 /* BuildSettings.swift */; };
		BF_891690540815 /* PBXBuildRule.swift in Sources */ = {isa = PBXBuildFile; fileRef = FR_659957006204 /* PBXBuildRule.swift */; };
		BF_897600507406 /* PBXRezBuildPhase.swift in Sources */ = {isa = PBXBuildFile; fileRef = FR_547540654868 /* PBXRezBuildPhase.swift */; };
		BF_902002450626 /* XCWorkspaceData.swift in Sources */ = {isa = PBXBuildFile; fileRef = FR_747850333253 /* XCWorkspaceData.swift */; };
		BF_905336331086 /* PBXRezBuildPhase.swift in Sources */ = {isa = PBXBuildFile; fileRef = FR_547540654868 /* PBXRezBuildPhase.swift */; };
		BF_907781537322 /* JSONDecoding.swift in Sources */ = {isa = PBXBuildFile; fileRef = FR_885631386418 /* JSONDecoding.swift */; };
		BF_909957343631 /* JSONDecoding.swift in Sources */ = {isa = PBXBuildFile; fileRef = FR_885631386418 /* JSONDecoding.swift */; };
		BF_911129932487 /* XCWorkspaceDataFileRef.swift in Sources */ = {isa = PBXBuildFile; fileRef = FR_165214534337 /* XCWorkspaceDataFileRef.swift */; };
		BF_914265866280 /* Referenceable.swift in Sources */ = {isa = PBXBuildFile; fileRef = FR_138039886357 /* Referenceable.swift */; };
		BF_916453888791 /* PBXTargetDependency.swift in Sources */ = {isa = PBXBuildFile; fileRef = FR_576770440401 /* PBXTargetDependency.swift */; };
		BF_917477854920 /* PBXProj+Helpers.swift in Sources */ = {isa = PBXBuildFile; fileRef = FR_390786829601 /* PBXProj+Helpers.swift */; };
		BF_922146315736 /* PBXReferenceProxy.swift in Sources */ = {isa = PBXBuildFile; fileRef = FR_131692021407 /* PBXReferenceProxy.swift */; };
		BF_953237442200 /* PBXProj+Helpers.swift in Sources */ = {isa = PBXBuildFile; fileRef = FR_390786829601 /* PBXProj+Helpers.swift */; };
		BF_954526094687 /* XCWorkspaceDataGroup.swift in Sources */ = {isa = PBXBuildFile; fileRef = FR_911805007766 /* XCWorkspaceDataGroup.swift */; };
/* End PBXBuildFile section */

/* Begin PBXFileReference section */
		FR_131692021407 /* PBXReferenceProxy.swift */ = {isa = PBXFileReference; lastKnownFileType = sourcecode.swift; path = PBXReferenceProxy.swift; sourceTree = "<group>"; };
		FR_138039886357 /* Referenceable.swift */ = {isa = PBXFileReference; lastKnownFileType = sourcecode.swift; path = Referenceable.swift; sourceTree = "<group>"; };
		FR_149041851750 /* BuildSettings.swift */ = {isa = PBXFileReference; lastKnownFileType = sourcecode.swift; path = BuildSettings.swift; sourceTree = "<group>"; };
		FR_153950111150 /* PBXVariantGroup.swift */ = {isa = PBXFileReference; lastKnownFileType = sourcecode.swift; path = PBXVariantGroup.swift; sourceTree = "<group>"; };
		FR_165214534337 /* XCWorkspaceDataFileRef.swift */ = {isa = PBXFileReference; lastKnownFileType = sourcecode.swift; path = XCWorkspaceDataFileRef.swift; sourceTree = "<group>"; };
		FR_165290392722 /* XCWorkspaceDataElementLocationType.swift */ = {isa = PBXFileReference; lastKnownFileType = sourcecode.swift; path = XCWorkspaceDataElementLocationType.swift; sourceTree = "<group>"; };
		FR_165351551217 /* PBXProject+Deprecations.swift */ = {isa = PBXFileReference; lastKnownFileType = sourcecode.swift; path = "PBXProject+Deprecations.swift"; sourceTree = "<group>"; };
		FR_165933293414 /* PBXNativeTarget.swift */ = {isa = PBXFileReference; lastKnownFileType = sourcecode.swift; path = PBXNativeTarget.swift; sourceTree = "<group>"; };
		FR_189906231851 /* PBXProjObjects+Helpers.swift */ = {isa = PBXFileReference; lastKnownFileType = sourcecode.swift; path = "PBXProjObjects+Helpers.swift"; sourceTree = "<group>"; };
		FR_205773741306 /* PathKit.framework */ = {isa = PBXFileReference; lastKnownFileType = wrapper.framework; path = PathKit.framework; sourceTree = "<group>"; };
		FR_222744543918 /* XCScheme.swift */ = {isa = PBXFileReference; lastKnownFileType = sourcecode.swift; path = XCScheme.swift; sourceTree = "<group>"; };
		FR_240508634712 /* PathKit.framework */ = {isa = PBXFileReference; lastKnownFileType = wrapper.framework; path = PathKit.framework; sourceTree = "<group>"; };
		FR_261607325575 /* AEXML+XcodeFormat.swift */ = {isa = PBXFileReference; lastKnownFileType = sourcecode.swift; path = "AEXML+XcodeFormat.swift"; sourceTree = "<group>"; };
		FR_278411425551 /* PBXBuildPhase.swift */ = {isa = PBXFileReference; lastKnownFileType = sourcecode.swift; path = PBXBuildPhase.swift; sourceTree = "<group>"; };
		FR_278660712592 /* XCSharedData.swift */ = {isa = PBXFileReference; lastKnownFileType = sourcecode.swift; path = XCSharedData.swift; sourceTree = "<group>"; };
		FR_279206274520 /* Bool+Extras.swift */ = {isa = PBXFileReference; lastKnownFileType = sourcecode.swift; path = "Bool+Extras.swift"; sourceTree = "<group>"; };
		FR_283834098380 /* PBXResourcesBuildPhase.swift */ = {isa = PBXFileReference; lastKnownFileType = sourcecode.swift; path = PBXResourcesBuildPhase.swift; sourceTree = "<group>"; };
		FR_303420191024 /* PBXGroup.swift */ = {isa = PBXFileReference; lastKnownFileType = sourcecode.swift; path = PBXGroup.swift; sourceTree = "<group>"; };
		FR_327872454114 /* String+Extras.swift */ = {isa = PBXFileReference; lastKnownFileType = sourcecode.swift; path = "String+Extras.swift"; sourceTree = "<group>"; };
		FR_343250539900 /* Decodable+Dictionary.swift */ = {isa = PBXFileReference; lastKnownFileType = sourcecode.swift; path = "Decodable+Dictionary.swift"; sourceTree = "<group>"; };
		FR_360739631408 /* AEXML.framework */ = {isa = PBXFileReference; lastKnownFileType = wrapper.framework; path = AEXML.framework; sourceTree = "<group>"; };
		FR_387196491816 /* PlistValue.swift */ = {isa = PBXFileReference; lastKnownFileType = sourcecode.swift; path = PlistValue.swift; sourceTree = "<group>"; };
		FR_390786829601 /* PBXProj+Helpers.swift */ = {isa = PBXFileReference; lastKnownFileType = sourcecode.swift; path = "PBXProj+Helpers.swift"; sourceTree = "<group>"; };
		FR_448436085308 /* PBXContainerItemProxy.swift */ = {isa = PBXFileReference; lastKnownFileType = sourcecode.swift; path = PBXContainerItemProxy.swift; sourceTree = "<group>"; };
		FR_454449099295 /* PBXAggregateTarget.swift */ = {isa = PBXFileReference; lastKnownFileType = sourcecode.swift; path = PBXAggregateTarget.swift; sourceTree = "<group>"; };
		FR_455991459994 /* PBXFileReference.swift */ = {isa = PBXFileReference; lastKnownFileType = sourcecode.swift; path = PBXFileReference.swift; sourceTree = "<group>"; };
		FR_470724385829 /* PBXShellScriptBuildPhase.swift */ = {isa = PBXFileReference; lastKnownFileType = sourcecode.swift; path = PBXShellScriptBuildPhase.swift; sourceTree = "<group>"; };
		FR_485593699513 /* Writable.swift */ = {isa = PBXFileReference; lastKnownFileType = sourcecode.swift; path = Writable.swift; sourceTree = "<group>"; };
		FR_486481527041 /* PBXProjError.swift */ = {isa = PBXFileReference; lastKnownFileType = sourcecode.swift; path = PBXProjError.swift; sourceTree = "<group>"; };
		FR_491863126733 /* AEXML.framework */ = {isa = PBXFileReference; lastKnownFileType = wrapper.framework; path = AEXML.framework; sourceTree = "<group>"; };
		FR_510335926530 /* XCConfig.swift */ = {isa = PBXFileReference; lastKnownFileType = sourcecode.swift; path = XCConfig.swift; sourceTree = "<group>"; };
		FR_523232380533 /* XCBreakpointList.swift */ = {isa = PBXFileReference; lastKnownFileType = sourcecode.swift; path = XCBreakpointList.swift; sourceTree = "<group>"; };
		FR_547540654868 /* PBXRezBuildPhase.swift */ = {isa = PBXFileReference; lastKnownFileType = sourcecode.swift; path = PBXRezBuildPhase.swift; sourceTree = "<group>"; };
		FR_562048009497 /* Equality.generated.swift */ = {isa = PBXFileReference; lastKnownFileType = sourcecode.swift; path = Equality.generated.swift; sourceTree = "<group>"; };
		FR_570315870723 /* PBXProject.swift */ = {isa = PBXFileReference; lastKnownFileType = sourcecode.swift; path = PBXProject.swift; sourceTree = "<group>"; };
		FR_576770440401 /* PBXTargetDependency.swift */ = {isa = PBXFileReference; lastKnownFileType = sourcecode.swift; path = PBXTargetDependency.swift; sourceTree = "<group>"; };
		FR_587107588268 /* PBXLegacyTarget.swift */ = {isa = PBXFileReference; lastKnownFileType = sourcecode.swift; path = PBXLegacyTarget.swift; sourceTree = "<group>"; };
		FR_600606385259 /* xcodeproj.framework */ = {isa = PBXFileReference; explicitFileType = wrapper.framework; includeInIndex = 0; path = xcodeproj.framework; sourceTree = BUILT_PRODUCTS_DIR; };
		FR_614257680336 /* PBXCopyFilesBuildPhase.swift */ = {isa = PBXFileReference; lastKnownFileType = sourcecode.swift; path = PBXCopyFilesBuildPhase.swift; sourceTree = "<group>"; };
		FR_625796391526 /* PBXHeadersBuildPhase.swift */ = {isa = PBXFileReference; lastKnownFileType = sourcecode.swift; path = PBXHeadersBuildPhase.swift; sourceTree = "<group>"; };
		FR_627263138408 /* ObjectReference.swift */ = {isa = PBXFileReference; lastKnownFileType = sourcecode.swift; path = ObjectReference.swift; sourceTree = "<group>"; };
		FR_650889871282 /* PBXSourceTree.swift */ = {isa = PBXFileReference; lastKnownFileType = sourcecode.swift; path = PBXSourceTree.swift; sourceTree = "<group>"; };
		FR_659957006204 /* PBXBuildRule.swift */ = {isa = PBXFileReference; lastKnownFileType = sourcecode.swift; path = PBXBuildRule.swift; sourceTree = "<group>"; };
		FR_661456925505 /* PBXBuildFile.swift */ = {isa = PBXFileReference; lastKnownFileType = sourcecode.swift; path = PBXBuildFile.swift; sourceTree = "<group>"; };
		FR_665789291664 /* PBXVariantGroup+Deprecations.swift */ = {isa = PBXFileReference; lastKnownFileType = sourcecode.swift; path = "PBXVariantGroup+Deprecations.swift"; sourceTree = "<group>"; };
		FR_669698725035 /* XcodeProj.swift */ = {isa = PBXFileReference; lastKnownFileType = sourcecode.swift; path = XcodeProj.swift; sourceTree = "<group>"; };
		FR_681886575696 /* XCConfigurationList.swift */ = {isa = PBXFileReference; lastKnownFileType = sourcecode.swift; path = XCConfigurationList.swift; sourceTree = "<group>"; };
		FR_685613406722 /* PathKit.framework */ = {isa = PBXFileReference; lastKnownFileType = wrapper.framework; path = PathKit.framework; sourceTree = "<group>"; };
		FR_688120798400 /* Sourcery.swift */ = {isa = PBXFileReference; lastKnownFileType = sourcecode.swift; path = Sourcery.swift; sourceTree = "<group>"; };
		FR_692089783518 /* AEXML.framework */ = {isa = PBXFileReference; lastKnownFileType = wrapper.framework; path = AEXML.framework; sourceTree = "<group>"; };
		FR_693607042109 /* PBXProductType.swift */ = {isa = PBXFileReference; lastKnownFileType = sourcecode.swift; path = PBXProductType.swift; sourceTree = "<group>"; };
		FR_694647173137 /* PBXObject.swift */ = {isa = PBXFileReference; lastKnownFileType = sourcecode.swift; path = PBXObject.swift; sourceTree = "<group>"; };
		FR_727253575872 /* PBXProj.swift */ = {isa = PBXFileReference; lastKnownFileType = sourcecode.swift; path = PBXProj.swift; sourceTree = "<group>"; };
		FR_739681752628 /* PBXTarget.swift */ = {isa = PBXFileReference; lastKnownFileType = sourcecode.swift; path = PBXTarget.swift; sourceTree = "<group>"; };
		FR_744623247667 /* PBXFrameworksBuildPhase.swift */ = {isa = PBXFileReference; lastKnownFileType = sourcecode.swift; path = PBXFrameworksBuildPhase.swift; sourceTree = "<group>"; };
		FR_745787603847 /* KeyedDecodingContainer+Additions.swift */ = {isa = PBXFileReference; lastKnownFileType = sourcecode.swift; path = "KeyedDecodingContainer+Additions.swift"; sourceTree = "<group>"; };
		FR_747850333253 /* XCWorkspaceData.swift */ = {isa = PBXFileReference; lastKnownFileType = sourcecode.swift; path = XCWorkspaceData.swift; sourceTree = "<group>"; };
		FR_748243817718 /* XCBuildConfiguration.swift */ = {isa = PBXFileReference; lastKnownFileType = sourcecode.swift; path = XCBuildConfiguration.swift; sourceTree = "<group>"; };
		FR_752596411378 /* BuildPhase.swift */ = {isa = PBXFileReference; lastKnownFileType = sourcecode.swift; path = BuildPhase.swift; sourceTree = "<group>"; };
		FR_776463914320 /* xcodeproj.framework */ = {isa = PBXFileReference; explicitFileType = wrapper.framework; includeInIndex = 0; path = xcodeproj.framework; sourceTree = BUILT_PRODUCTS_DIR; };
		FR_786932701930 /* PathKit.framework */ = {isa = PBXFileReference; lastKnownFileType = wrapper.framework; path = PathKit.framework; sourceTree = "<group>"; };
		FR_787166355025 /* PBXFileElement.swift */ = {isa = PBXFileReference; lastKnownFileType = sourcecode.swift; path = PBXFileElement.swift; sourceTree = "<group>"; };
		FR_791567841149 /* AEXML.framework */ = {isa = PBXFileReference; lastKnownFileType = wrapper.framework; path = AEXML.framework; sourceTree = "<group>"; };
		FR_803346231335 /* Dictionary+Extras.swift */ = {isa = PBXFileReference; lastKnownFileType = sourcecode.swift; path = "Dictionary+Extras.swift"; sourceTree = "<group>"; };
		FR_806699391025 /* XCVersionGroup.swift */ = {isa = PBXFileReference; lastKnownFileType = sourcecode.swift; path = XCVersionGroup.swift; sourceTree = "<group>"; };
		FR_809553207272 /* PBXProjEncoder.swift */ = {isa = PBXFileReference; lastKnownFileType = sourcecode.swift; path = PBXProjEncoder.swift; sourceTree = "<group>"; };
		FR_812963853563 /* PBXContainerItem.swift */ = {isa = PBXFileReference; lastKnownFileType = sourcecode.swift; path = PBXContainerItem.swift; sourceTree = "<group>"; };
		FR_819119635064 /* CommentedString.swift */ = {isa = PBXFileReference; lastKnownFileType = sourcecode.swift; path = CommentedString.swift; sourceTree = "<group>"; };
		FR_819592302467 /* PBXSourcesBuildPhase.swift */ = {isa = PBXFileReference; lastKnownFileType = sourcecode.swift; path = PBXSourcesBuildPhase.swift; sourceTree = "<group>"; };
		FR_827969270469 /* XCWorkspaceDataElement.swift */ = {isa = PBXFileReference; lastKnownFileType = sourcecode.swift; path = XCWorkspaceDataElement.swift; sourceTree = "<group>"; };
		FR_861689647763 /* xcodeproj.framework */ = {isa = PBXFileReference; explicitFileType = wrapper.framework; includeInIndex = 0; path = xcodeproj.framework; sourceTree = BUILT_PRODUCTS_DIR; };
		FR_885631386418 /* JSONDecoding.swift */ = {isa = PBXFileReference; lastKnownFileType = sourcecode.swift; path = JSONDecoding.swift; sourceTree = "<group>"; };
		FR_893903603936 /* XCWorkspace.swift */ = {isa = PBXFileReference; lastKnownFileType = sourcecode.swift; path = XCWorkspace.swift; sourceTree = "<group>"; };
		FR_900268115459 /* xcodeproj.framework */ = {isa = PBXFileReference; explicitFileType = wrapper.framework; includeInIndex = 0; path = xcodeproj.framework; sourceTree = BUILT_PRODUCTS_DIR; };
		FR_911805007766 /* XCWorkspaceDataGroup.swift */ = {isa = PBXFileReference; lastKnownFileType = sourcecode.swift; path = XCWorkspaceDataGroup.swift; sourceTree = "<group>"; };
/* End PBXFileReference section */

/* Begin PBXFrameworksBuildPhase section */
		FBP_60060638525 /* Frameworks */ = {
			isa = PBXFrameworksBuildPhase;
			buildActionMask = 2147483647;
			files = (
				BF_746780604281 /* PathKit.framework in Frameworks */,
				BF_195542838957 /* AEXML.framework in Frameworks */,
			);
			runOnlyForDeploymentPostprocessing = 0;
		};
		FBP_77646391432 /* Frameworks */ = {
			isa = PBXFrameworksBuildPhase;
			buildActionMask = 2147483647;
			files = (
				BF_592303373488 /* PathKit.framework in Frameworks */,
				BF_686663888911 /* AEXML.framework in Frameworks */,
			);
			runOnlyForDeploymentPostprocessing = 0;
		};
		FBP_86168964776 /* Frameworks */ = {
			isa = PBXFrameworksBuildPhase;
			buildActionMask = 2147483647;
			files = (
				BF_207244926592 /* PathKit.framework in Frameworks */,
				BF_409312813481 /* AEXML.framework in Frameworks */,
			);
			runOnlyForDeploymentPostprocessing = 0;
		};
		FBP_90026811545 /* Frameworks */ = {
			isa = PBXFrameworksBuildPhase;
			buildActionMask = 2147483647;
			files = (
				BF_245085022363 /* PathKit.framework in Frameworks */,
				BF_565948924362 /* AEXML.framework in Frameworks */,
			);
			runOnlyForDeploymentPostprocessing = 0;
		};
/* End PBXFrameworksBuildPhase section */

/* Begin PBXGroup section */
		G_1952740716080 /* Frameworks */ = {
			isa = PBXGroup;
			children = (
				G_2883690153011 /* Carthage */,
			);
			name = Frameworks;
			sourceTree = "<group>";
		};
		G_2262017438925 /* iOS */ = {
			isa = PBXGroup;
			children = (
				FR_692089783518 /* AEXML.framework */,
				FR_205773741306 /* PathKit.framework */,
			);
			path = iOS;
			sourceTree = "<group>";
		};
		G_2262017442691 /* Mac */ = {
			isa = PBXGroup;
			children = (
				FR_491863126733 /* AEXML.framework */,
				FR_786932701930 /* PathKit.framework */,
			);
			path = Mac;
			sourceTree = "<group>";
		};
		G_2883690153011 /* Carthage */ = {
			isa = PBXGroup;
			children = (
				G_2262017442691 /* Mac */,
				G_2262017438925 /* iOS */,
				G_8628897169668 /* tvOS */,
				G_8244488572839 /* watchOS */,
			);
			name = Carthage;
			path = Carthage/Build;
			sourceTree = "<group>";
		};
		G_3175134954142 /* xcodeproj */ = {
			isa = PBXGroup;
			children = (
				FR_261607325575 /* AEXML+XcodeFormat.swift */,
				FR_279206274520 /* Bool+Extras.swift */,
				FR_752596411378 /* BuildPhase.swift */,
				FR_149041851750 /* BuildSettings.swift */,
				FR_819119635064 /* CommentedString.swift */,
				FR_343250539900 /* Decodable+Dictionary.swift */,
				FR_803346231335 /* Dictionary+Extras.swift */,
				FR_562048009497 /* Equality.generated.swift */,
				FR_885631386418 /* JSONDecoding.swift */,
				FR_745787603847 /* KeyedDecodingContainer+Additions.swift */,
				FR_627263138408 /* ObjectReference.swift */,
				FR_454449099295 /* PBXAggregateTarget.swift */,
				FR_661456925505 /* PBXBuildFile.swift */,
				FR_278411425551 /* PBXBuildPhase.swift */,
				FR_659957006204 /* PBXBuildRule.swift */,
				FR_812963853563 /* PBXContainerItem.swift */,
				FR_448436085308 /* PBXContainerItemProxy.swift */,
				FR_614257680336 /* PBXCopyFilesBuildPhase.swift */,
				FR_787166355025 /* PBXFileElement.swift */,
				FR_455991459994 /* PBXFileReference.swift */,
				FR_744623247667 /* PBXFrameworksBuildPhase.swift */,
				FR_303420191024 /* PBXGroup.swift */,
				FR_625796391526 /* PBXHeadersBuildPhase.swift */,
				FR_587107588268 /* PBXLegacyTarget.swift */,
				FR_165933293414 /* PBXNativeTarget.swift */,
				FR_694647173137 /* PBXObject.swift */,
				FR_693607042109 /* PBXProductType.swift */,
				FR_390786829601 /* PBXProj+Helpers.swift */,
				FR_727253575872 /* PBXProj.swift */,
				FR_809553207272 /* PBXProjEncoder.swift */,
				FR_486481527041 /* PBXProjError.swift */,
				FR_189906231851 /* PBXProjObjects+Helpers.swift */,
				FR_165351551217 /* PBXProject+Deprecations.swift */,
				FR_570315870723 /* PBXProject.swift */,
				FR_131692021407 /* PBXReferenceProxy.swift */,
				FR_283834098380 /* PBXResourcesBuildPhase.swift */,
				FR_547540654868 /* PBXRezBuildPhase.swift */,
				FR_470724385829 /* PBXShellScriptBuildPhase.swift */,
				FR_650889871282 /* PBXSourceTree.swift */,
				FR_819592302467 /* PBXSourcesBuildPhase.swift */,
				FR_739681752628 /* PBXTarget.swift */,
				FR_576770440401 /* PBXTargetDependency.swift */,
				FR_665789291664 /* PBXVariantGroup+Deprecations.swift */,
				FR_153950111150 /* PBXVariantGroup.swift */,
				FR_387196491816 /* PlistValue.swift */,
				FR_138039886357 /* Referenceable.swift */,
				FR_688120798400 /* Sourcery.swift */,
				FR_327872454114 /* String+Extras.swift */,
				FR_485593699513 /* Writable.swift */,
				FR_523232380533 /* XCBreakpointList.swift */,
				FR_748243817718 /* XCBuildConfiguration.swift */,
				FR_510335926530 /* XCConfig.swift */,
				FR_681886575696 /* XCConfigurationList.swift */,
				FR_222744543918 /* XCScheme.swift */,
				FR_278660712592 /* XCSharedData.swift */,
				FR_806699391025 /* XCVersionGroup.swift */,
				FR_893903603936 /* XCWorkspace.swift */,
				FR_747850333253 /* XCWorkspaceData.swift */,
				FR_827969270469 /* XCWorkspaceDataElement.swift */,
				FR_165290392722 /* XCWorkspaceDataElementLocationType.swift */,
				FR_165214534337 /* XCWorkspaceDataFileRef.swift */,
				FR_911805007766 /* XCWorkspaceDataGroup.swift */,
				FR_669698725035 /* XcodeProj.swift */,
			);
			name = xcodeproj;
			path = Sources/xcodeproj;
			sourceTree = "<group>";
		};
		G_8244488572839 /* watchOS */ = {
			isa = PBXGroup;
			children = (
				FR_360739631408 /* AEXML.framework */,
				FR_685613406722 /* PathKit.framework */,
			);
			path = watchOS;
			sourceTree = "<group>";
		};
		G_8448771205358 = {
			isa = PBXGroup;
			children = (
				G_1952740716080 /* Frameworks */,
				G_8620238527590 /* Products */,
				G_3175134954142 /* xcodeproj */,
			);
			sourceTree = "<group>";
		};
		G_8620238527590 /* Products */ = {
			isa = PBXGroup;
			children = (
				FR_600606385259 /* xcodeproj.framework */,
				FR_776463914320 /* xcodeproj.framework */,
				FR_861689647763 /* xcodeproj.framework */,
				FR_900268115459 /* xcodeproj.framework */,
			);
			name = Products;
			sourceTree = "<group>";
		};
		G_8628897169668 /* tvOS */ = {
			isa = PBXGroup;
			children = (
				FR_791567841149 /* AEXML.framework */,
				FR_240508634712 /* PathKit.framework */,
			);
			path = tvOS;
			sourceTree = "<group>";
		};
/* End PBXGroup section */

/* Begin PBXNativeTarget section */
		NT_600606385259 /* xcodeproj_tvOS */ = {
			isa = PBXNativeTarget;
			buildConfigurationList = CL_600606385259 /* Build configuration list for PBXNativeTarget "xcodeproj_tvOS" */;
			buildPhases = (
				SBP_60060638525 /* Sources */,
				FBP_60060638525 /* Frameworks */,
			);
			buildRules = (
			);
			dependencies = (
			);
			name = xcodeproj_tvOS;
			productName = xcodeproj_tvOS;
			productReference = FR_600606385259 /* xcodeproj.framework */;
			productType = "com.apple.product-type.framework";
		};
		NT_776463914320 /* xcodeproj_watchOS */ = {
			isa = PBXNativeTarget;
			buildConfigurationList = CL_776463914320 /* Build configuration list for PBXNativeTarget "xcodeproj_watchOS" */;
			buildPhases = (
				SBP_77646391432 /* Sources */,
				FBP_77646391432 /* Frameworks */,
			);
			buildRules = (
			);
			dependencies = (
			);
			name = xcodeproj_watchOS;
			productName = xcodeproj_watchOS;
			productReference = FR_776463914320 /* xcodeproj.framework */;
			productType = "com.apple.product-type.framework";
		};
		NT_861689647763 /* xcodeproj_macOS */ = {
			isa = PBXNativeTarget;
			buildConfigurationList = CL_861689647763 /* Build configuration list for PBXNativeTarget "xcodeproj_macOS" */;
			buildPhases = (
				SBP_86168964776 /* Sources */,
				FBP_86168964776 /* Frameworks */,
			);
			buildRules = (
			);
			dependencies = (
			);
			name = xcodeproj_macOS;
			productName = xcodeproj_macOS;
			productReference = FR_861689647763 /* xcodeproj.framework */;
			productType = "com.apple.product-type.framework";
		};
		NT_900268115459 /* xcodeproj_iOS */ = {
			isa = PBXNativeTarget;
			buildConfigurationList = CL_900268115459 /* Build configuration list for PBXNativeTarget "xcodeproj_iOS" */;
			buildPhases = (
				SBP_90026811545 /* Sources */,
				FBP_90026811545 /* Frameworks */,
			);
			buildRules = (
			);
			dependencies = (
			);
			name = xcodeproj_iOS;
			productName = xcodeproj_iOS;
			productReference = FR_900268115459 /* xcodeproj.framework */;
			productType = "com.apple.product-type.framework";
		};
/* End PBXNativeTarget section */

/* Begin PBXProject section */
		P_2883690153011 /* Project object */ = {
			isa = PBXProject;
			attributes = {
				LastUpgradeCheck = 0920;
			};
			buildConfigurationList = CL_288369015301 /* Build configuration list for PBXProject "Carthage" */;
			compatibilityVersion = "Xcode 3.2";
			developmentRegion = en;
			hasScannedForEncodings = 0;
			mainGroup = G_8448771205358;
			projectDirPath = "";
			projectRoot = "";
			targets = (
				NT_900268115459 /* xcodeproj_iOS */,
				NT_861689647763 /* xcodeproj_macOS */,
				NT_600606385259 /* xcodeproj_tvOS */,
				NT_776463914320 /* xcodeproj_watchOS */,
			);
		};
/* End PBXProject section */

/* Begin PBXSourcesBuildPhase section */
		SBP_60060638525 /* Sources */ = {
			isa = PBXSourcesBuildPhase;
			buildActionMask = 2147483647;
			files = (
				BF_474442116805 /* AEXML+XcodeFormat.swift in Sources */,
				BF_130083256096 /* Bool+Extras.swift in Sources */,
				BF_823881407025 /* BuildPhase.swift in Sources */,
				BF_267433366342 /* BuildSettings.swift in Sources */,
				BF_422004006568 /* CommentedString.swift in Sources */,
				BF_391317270980 /* Decodable+Dictionary.swift in Sources */,
				BF_756635712039 /* Dictionary+Extras.swift in Sources */,
				BF_688535075226 /* Equality.generated.swift in Sources */,
				BF_907781537322 /* JSONDecoding.swift in Sources */,
				BF_530881416508 /* KeyedDecodingContainer+Additions.swift in Sources */,
				BF_468258816357 /* ObjectReference.swift in Sources */,
				BF_507714317526 /* PBXAggregateTarget.swift in Sources */,
				BF_528697017860 /* PBXBuildFile.swift in Sources */,
				BF_550308775635 /* PBXBuildPhase.swift in Sources */,
				BF_595058548589 /* PBXBuildRule.swift in Sources */,
				BF_470439646866 /* PBXContainerItem.swift in Sources */,
				BF_278675196147 /* PBXContainerItemProxy.swift in Sources */,
				BF_502870890923 /* PBXCopyFilesBuildPhase.swift in Sources */,
				BF_497621756220 /* PBXFileElement.swift in Sources */,
				BF_237687198546 /* PBXFileReference.swift in Sources */,
				BF_579786743380 /* PBXFrameworksBuildPhase.swift in Sources */,
				BF_751062741167 /* PBXGroup.swift in Sources */,
				BF_421333039884 /* PBXHeadersBuildPhase.swift in Sources */,
				BF_367844709361 /* PBXLegacyTarget.swift in Sources */,
				BF_482833900707 /* PBXNativeTarget.swift in Sources */,
				BF_511688992172 /* PBXObject.swift in Sources */,
				BF_771896407739 /* PBXProductType.swift in Sources */,
				BF_596436438396 /* PBXProj+Helpers.swift in Sources */,
				BF_399159580637 /* PBXProj.swift in Sources */,
				BF_144472795688 /* PBXProjEncoder.swift in Sources */,
				BF_119978129533 /* PBXProjError.swift in Sources */,
				BF_778816735011 /* PBXProjObjects+Helpers.swift in Sources */,
				BF_631505778911 /* PBXProject+Deprecations.swift in Sources */,
				BF_814110166610 /* PBXProject.swift in Sources */,
				BF_154047394252 /* PBXReferenceProxy.swift in Sources */,
				BF_625452048968 /* PBXResourcesBuildPhase.swift in Sources */,
				BF_897600507406 /* PBXRezBuildPhase.swift in Sources */,
				BF_102651098714 /* PBXShellScriptBuildPhase.swift in Sources */,
				BF_801342059323 /* PBXSourceTree.swift in Sources */,
				BF_712722708103 /* PBXSourcesBuildPhase.swift in Sources */,
				BF_444015206707 /* PBXTarget.swift in Sources */,
				BF_553634277769 /* PBXTargetDependency.swift in Sources */,
				BF_581393090700 /* PBXVariantGroup+Deprecations.swift in Sources */,
				BF_606311151479 /* PBXVariantGroup.swift in Sources */,
				BF_780723374842 /* PlistValue.swift in Sources */,
				BF_914265866280 /* Referenceable.swift in Sources */,
				BF_162289106759 /* Sourcery.swift in Sources */,
				BF_339028823348 /* String+Extras.swift in Sources */,
				BF_266096211581 /* Writable.swift in Sources */,
				BF_866919055862 /* XCBreakpointList.swift in Sources */,
				BF_230310496113 /* XCBuildConfiguration.swift in Sources */,
				BF_215374231296 /* XCConfig.swift in Sources */,
				BF_132318055158 /* XCConfigurationList.swift in Sources */,
				BF_714321674534 /* XCScheme.swift in Sources */,
				BF_190054517761 /* XCSharedData.swift in Sources */,
				BF_705361399509 /* XCVersionGroup.swift in Sources */,
				BF_478495422758 /* XCWorkspace.swift in Sources */,
				BF_757081128680 /* XCWorkspaceData.swift in Sources */,
				BF_524915921939 /* XCWorkspaceDataElement.swift in Sources */,
				BF_353744275151 /* XCWorkspaceDataElementLocationType.swift in Sources */,
				BF_699240376760 /* XCWorkspaceDataFileRef.swift in Sources */,
				BF_456766985854 /* XCWorkspaceDataGroup.swift in Sources */,
				BF_697374900879 /* XcodeProj.swift in Sources */,
			);
			runOnlyForDeploymentPostprocessing = 0;
		};
		SBP_77646391432 /* Sources */ = {
			isa = PBXSourcesBuildPhase;
			buildActionMask = 2147483647;
			files = (
				BF_707017396371 /* AEXML+XcodeFormat.swift in Sources */,
				BF_114404990159 /* Bool+Extras.swift in Sources */,
				BF_546022161693 /* BuildPhase.swift in Sources */,
				BF_239003898000 /* BuildSettings.swift in Sources */,
				BF_197485753172 /* CommentedString.swift in Sources */,
				BF_725634315224 /* Decodable+Dictionary.swift in Sources */,
				BF_111404636218 /* Dictionary+Extras.swift in Sources */,
				BF_437217754624 /* Equality.generated.swift in Sources */,
				BF_909957343631 /* JSONDecoding.swift in Sources */,
				BF_727734667559 /* KeyedDecodingContainer+Additions.swift in Sources */,
				BF_842868938684 /* ObjectReference.swift in Sources */,
				BF_110283610594 /* PBXAggregateTarget.swift in Sources */,
				BF_363087425500 /* PBXBuildFile.swift in Sources */,
				BF_781373400900 /* PBXBuildPhase.swift in Sources */,
				BF_717919674820 /* PBXBuildRule.swift in Sources */,
				BF_837840570292 /* PBXContainerItem.swift in Sources */,
				BF_610332725582 /* PBXContainerItemProxy.swift in Sources */,
				BF_157173823225 /* PBXCopyFilesBuildPhase.swift in Sources */,
				BF_725806376459 /* PBXFileElement.swift in Sources */,
				BF_536087150345 /* PBXFileReference.swift in Sources */,
				BF_709709560044 /* PBXFrameworksBuildPhase.swift in Sources */,
				BF_604980860979 /* PBXGroup.swift in Sources */,
				BF_435962981154 /* PBXHeadersBuildPhase.swift in Sources */,
				BF_214008117025 /* PBXLegacyTarget.swift in Sources */,
				BF_105595380132 /* PBXNativeTarget.swift in Sources */,
				BF_813503103032 /* PBXObject.swift in Sources */,
				BF_713064662205 /* PBXProductType.swift in Sources */,
				BF_953237442200 /* PBXProj+Helpers.swift in Sources */,
				BF_453157596153 /* PBXProj.swift in Sources */,
				BF_832112682322 /* PBXProjEncoder.swift in Sources */,
				BF_712544181672 /* PBXProjError.swift in Sources */,
				BF_804573872058 /* PBXProjObjects+Helpers.swift in Sources */,
				BF_380001652649 /* PBXProject+Deprecations.swift in Sources */,
				BF_816240031666 /* PBXProject.swift in Sources */,
				BF_420387679776 /* PBXReferenceProxy.swift in Sources */,
				BF_569893674302 /* PBXResourcesBuildPhase.swift in Sources */,
				BF_288998901636 /* PBXRezBuildPhase.swift in Sources */,
				BF_345227527309 /* PBXShellScriptBuildPhase.swift in Sources */,
				BF_578316495743 /* PBXSourceTree.swift in Sources */,
				BF_547958830907 /* PBXSourcesBuildPhase.swift in Sources */,
				BF_623339937460 /* PBXTarget.swift in Sources */,
				BF_662223031483 /* PBXTargetDependency.swift in Sources */,
				BF_180295097662 /* PBXVariantGroup+Deprecations.swift in Sources */,
				BF_787994108056 /* PBXVariantGroup.swift in Sources */,
				BF_512116863510 /* PlistValue.swift in Sources */,
				BF_637429908703 /* Referenceable.swift in Sources */,
				BF_597295139730 /* Sourcery.swift in Sources */,
				BF_163364427103 /* String+Extras.swift in Sources */,
				BF_765175993316 /* Writable.swift in Sources */,
				BF_509509357607 /* XCBreakpointList.swift in Sources */,
				BF_172989337398 /* XCBuildConfiguration.swift in Sources */,
				BF_392224702823 /* XCConfig.swift in Sources */,
				BF_598997546309 /* XCConfigurationList.swift in Sources */,
				BF_373709350146 /* XCScheme.swift in Sources */,
				BF_793913660477 /* XCSharedData.swift in Sources */,
				BF_341937339857 /* XCVersionGroup.swift in Sources */,
				BF_376410708852 /* XCWorkspace.swift in Sources */,
				BF_902002450626 /* XCWorkspaceData.swift in Sources */,
				BF_434025742943 /* XCWorkspaceDataElement.swift in Sources */,
				BF_386304166067 /* XCWorkspaceDataElementLocationType.swift in Sources */,
				BF_447561296036 /* XCWorkspaceDataFileRef.swift in Sources */,
				BF_132051638991 /* XCWorkspaceDataGroup.swift in Sources */,
				BF_311107914285 /* XcodeProj.swift in Sources */,
			);
			runOnlyForDeploymentPostprocessing = 0;
		};
		SBP_86168964776 /* Sources */ = {
			isa = PBXSourcesBuildPhase;
			buildActionMask = 2147483647;
			files = (
				BF_471082705831 /* AEXML+XcodeFormat.swift in Sources */,
				BF_482164552243 /* Bool+Extras.swift in Sources */,
				BF_440139204833 /* BuildPhase.swift in Sources */,
				BF_882587710508 /* BuildSettings.swift in Sources */,
				BF_799016711203 /* CommentedString.swift in Sources */,
				BF_486365116884 /* Decodable+Dictionary.swift in Sources */,
				BF_691367152360 /* Dictionary+Extras.swift in Sources */,
				BF_723443325802 /* Equality.generated.swift in Sources */,
				BF_194508697621 /* JSONDecoding.swift in Sources */,
				BF_194836527664 /* KeyedDecodingContainer+Additions.swift in Sources */,
				BF_715867161698 /* ObjectReference.swift in Sources */,
				BF_193519698725 /* PBXAggregateTarget.swift in Sources */,
				BF_454074300358 /* PBXBuildFile.swift in Sources */,
				BF_809223245758 /* PBXBuildPhase.swift in Sources */,
				BF_891690540815 /* PBXBuildRule.swift in Sources */,
				BF_678057410188 /* PBXContainerItem.swift in Sources */,
				BF_832858060253 /* PBXContainerItemProxy.swift in Sources */,
				BF_412163205632 /* PBXCopyFilesBuildPhase.swift in Sources */,
				BF_538961184825 /* PBXFileElement.swift in Sources */,
				BF_380041679265 /* PBXFileReference.swift in Sources */,
				BF_797249258311 /* PBXFrameworksBuildPhase.swift in Sources */,
				BF_106115939547 /* PBXGroup.swift in Sources */,
				BF_460399337892 /* PBXHeadersBuildPhase.swift in Sources */,
				BF_392023250716 /* PBXLegacyTarget.swift in Sources */,
				BF_679522948059 /* PBXNativeTarget.swift in Sources */,
				BF_124637898337 /* PBXObject.swift in Sources */,
				BF_178195659865 /* PBXProductType.swift in Sources */,
				BF_729693881629 /* PBXProj+Helpers.swift in Sources */,
				BF_781120733542 /* PBXProj.swift in Sources */,
				BF_871432919571 /* PBXProjEncoder.swift in Sources */,
				BF_215875298939 /* PBXProjError.swift in Sources */,
				BF_712865554884 /* PBXProjObjects+Helpers.swift in Sources */,
				BF_336718897898 /* PBXProject+Deprecations.swift in Sources */,
				BF_600372829119 /* PBXProject.swift in Sources */,
				BF_922146315736 /* PBXReferenceProxy.swift in Sources */,
				BF_722265438375 /* PBXResourcesBuildPhase.swift in Sources */,
				BF_905336331086 /* PBXRezBuildPhase.swift in Sources */,
				BF_181289742579 /* PBXShellScriptBuildPhase.swift in Sources */,
				BF_434353747344 /* PBXSourceTree.swift in Sources */,
				BF_878342454486 /* PBXSourcesBuildPhase.swift in Sources */,
				BF_169491878243 /* PBXTarget.swift in Sources */,
				BF_916453888791 /* PBXTargetDependency.swift in Sources */,
				BF_753510942807 /* PBXVariantGroup+Deprecations.swift in Sources */,
				BF_598451549656 /* PBXVariantGroup.swift in Sources */,
				BF_537802509841 /* PlistValue.swift in Sources */,
				BF_264243388096 /* Referenceable.swift in Sources */,
				BF_285514634204 /* Sourcery.swift in Sources */,
				BF_226106006353 /* String+Extras.swift in Sources */,
				BF_125215864081 /* Writable.swift in Sources */,
				BF_708566933540 /* XCBreakpointList.swift in Sources */,
				BF_683989176997 /* XCBuildConfiguration.swift in Sources */,
				BF_810209782054 /* XCConfig.swift in Sources */,
				BF_523911562419 /* XCConfigurationList.swift in Sources */,
				BF_831963376809 /* XCScheme.swift in Sources */,
				BF_597643984339 /* XCSharedData.swift in Sources */,
				BF_747597832937 /* XCVersionGroup.swift in Sources */,
				BF_268015607807 /* XCWorkspace.swift in Sources */,
				BF_811251344067 /* XCWorkspaceData.swift in Sources */,
				BF_656425329353 /* XCWorkspaceDataElement.swift in Sources */,
				BF_462529629436 /* XCWorkspaceDataElementLocationType.swift in Sources */,
				BF_500990483514 /* XCWorkspaceDataFileRef.swift in Sources */,
				BF_856024675014 /* XCWorkspaceDataGroup.swift in Sources */,
				BF_805179318019 /* XcodeProj.swift in Sources */,
			);
			runOnlyForDeploymentPostprocessing = 0;
		};
		SBP_90026811545 /* Sources */ = {
			isa = PBXSourcesBuildPhase;
			buildActionMask = 2147483647;
			files = (
				BF_771394856852 /* AEXML+XcodeFormat.swift in Sources */,
				BF_421593612622 /* Bool+Extras.swift in Sources */,
				BF_613761845973 /* BuildPhase.swift in Sources */,
				BF_433748598600 /* BuildSettings.swift in Sources */,
				BF_672078013078 /* CommentedString.swift in Sources */,
				BF_766702477925 /* Decodable+Dictionary.swift in Sources */,
				BF_429440147492 /* Dictionary+Extras.swift in Sources */,
				BF_422059193885 /* Equality.generated.swift in Sources */,
				BF_780645892241 /* JSONDecoding.swift in Sources */,
				BF_249454753652 /* KeyedDecodingContainer+Additions.swift in Sources */,
				BF_809019618938 /* ObjectReference.swift in Sources */,
				BF_180492596501 /* PBXAggregateTarget.swift in Sources */,
				BF_827486800967 /* PBXBuildFile.swift in Sources */,
				BF_290431657207 /* PBXBuildPhase.swift in Sources */,
				BF_383561969139 /* PBXBuildRule.swift in Sources */,
				BF_411259918251 /* PBXContainerItem.swift in Sources */,
				BF_380623377453 /* PBXContainerItemProxy.swift in Sources */,
				BF_159247876884 /* PBXCopyFilesBuildPhase.swift in Sources */,
				BF_244895621522 /* PBXFileElement.swift in Sources */,
				BF_462494863765 /* PBXFileReference.swift in Sources */,
				BF_519564911164 /* PBXFrameworksBuildPhase.swift in Sources */,
				BF_720519057777 /* PBXGroup.swift in Sources */,
				BF_582192983058 /* PBXHeadersBuildPhase.swift in Sources */,
				BF_688613182083 /* PBXLegacyTarget.swift in Sources */,
				BF_543451422202 /* PBXNativeTarget.swift in Sources */,
				BF_114864391255 /* PBXObject.swift in Sources */,
				BF_158652544911 /* PBXProductType.swift in Sources */,
				BF_917477854920 /* PBXProj+Helpers.swift in Sources */,
				BF_517099469544 /* PBXProj.swift in Sources */,
				BF_692746902965 /* PBXProjEncoder.swift in Sources */,
				BF_295343488779 /* PBXProjError.swift in Sources */,
				BF_302476027382 /* PBXProjObjects+Helpers.swift in Sources */,
				BF_284896156850 /* PBXProject+Deprecations.swift in Sources */,
				BF_549671147056 /* PBXProject.swift in Sources */,
				BF_340419031629 /* PBXReferenceProxy.swift in Sources */,
				BF_593590826159 /* PBXResourcesBuildPhase.swift in Sources */,
				BF_441888478287 /* PBXRezBuildPhase.swift in Sources */,
				BF_200318676811 /* PBXShellScriptBuildPhase.swift in Sources */,
				BF_612807785390 /* PBXSourceTree.swift in Sources */,
				BF_292042250353 /* PBXSourcesBuildPhase.swift in Sources */,
				BF_831738698253 /* PBXTarget.swift in Sources */,
				BF_860394015250 /* PBXTargetDependency.swift in Sources */,
				BF_545644284256 /* PBXVariantGroup+Deprecations.swift in Sources */,
				BF_117409056616 /* PBXVariantGroup.swift in Sources */,
				BF_801959232823 /* PlistValue.swift in Sources */,
				BF_563444357603 /* Referenceable.swift in Sources */,
				BF_489266283286 /* Sourcery.swift in Sources */,
				BF_777925079097 /* String+Extras.swift in Sources */,
				BF_474615836326 /* Writable.swift in Sources */,
				BF_397466043697 /* XCBreakpointList.swift in Sources */,
				BF_363822291446 /* XCBuildConfiguration.swift in Sources */,
				BF_594418579739 /* XCConfig.swift in Sources */,
				BF_333317083361 /* XCConfigurationList.swift in Sources */,
				BF_868950118507 /* XCScheme.swift in Sources */,
				BF_532324593493 /* XCSharedData.swift in Sources */,
				BF_376295417332 /* XCVersionGroup.swift in Sources */,
				BF_141389597348 /* XCWorkspace.swift in Sources */,
				BF_707145232126 /* XCWorkspaceData.swift in Sources */,
				BF_608162953927 /* XCWorkspaceDataElement.swift in Sources */,
				BF_603791143459 /* XCWorkspaceDataElementLocationType.swift in Sources */,
				BF_911129932487 /* XCWorkspaceDataFileRef.swift in Sources */,
				BF_954526094687 /* XCWorkspaceDataGroup.swift in Sources */,
				BF_135159261539 /* XcodeProj.swift in Sources */,
			);
			runOnlyForDeploymentPostprocessing = 0;
		};
/* End PBXSourcesBuildPhase section */

/* Begin XCBuildConfiguration section */
		BC_256607803772 /* Debug */ = {
			isa = XCBuildConfiguration;
			buildSettings = {
				CODE_SIGN_IDENTITY = "";
				CURRENT_PROJECT_VERSION = 1;
				DEFINES_MODULE = YES;
				DYLIB_COMPATIBILITY_VERSION = 1;
				DYLIB_CURRENT_VERSION = 1;
				DYLIB_INSTALL_NAME_BASE = "@rpath";
				ENABLE_TESTABILITY = YES;
				FRAMEWORK_SEARCH_PATHS = (
					"$(inherited)",
					"$(PROJECT_DIR)/Carthage/Build/tvOS",
				);
				INFOPLIST_FILE = CarthageInfo.plist;
				INSTALL_PATH = "$(LOCAL_LIBRARY_DIR)/Frameworks";
				LD_RUNPATH_SEARCH_PATHS = "$(inherited) @executable_path/Frameworks";
				PRODUCT_BUNDLE_IDENTIFIER = io.xcbuddy.xcodeproj;
				PRODUCT_NAME = xcodeproj;
				SDKROOT = appletvos;
				SKIP_INSTALL = YES;
				TARGETED_DEVICE_FAMILY = 3;
				VERSIONING_SYSTEM = "apple-generic";
			};
			name = Debug;
		};
		BC_338775185986 /* Release */ = {
			isa = XCBuildConfiguration;
			buildSettings = {
				CODE_SIGN_IDENTITY = "";
				CURRENT_PROJECT_VERSION = 1;
				DEFINES_MODULE = YES;
				DYLIB_COMPATIBILITY_VERSION = 1;
				DYLIB_CURRENT_VERSION = 1;
				DYLIB_INSTALL_NAME_BASE = "@rpath";
				ENABLE_TESTABILITY = YES;
				FRAMEWORK_SEARCH_PATHS = (
					"$(inherited)",
					"$(PROJECT_DIR)/Carthage/Build/tvOS",
				);
				INFOPLIST_FILE = CarthageInfo.plist;
				INSTALL_PATH = "$(LOCAL_LIBRARY_DIR)/Frameworks";
				LD_RUNPATH_SEARCH_PATHS = "$(inherited) @executable_path/Frameworks";
				PRODUCT_BUNDLE_IDENTIFIER = io.xcbuddy.xcodeproj;
				PRODUCT_NAME = xcodeproj;
				SDKROOT = appletvos;
				SKIP_INSTALL = YES;
				TARGETED_DEVICE_FAMILY = 3;
				VERSIONING_SYSTEM = "apple-generic";
			};
			name = Release;
		};
		BC_373233757732 /* Debug */ = {
			isa = XCBuildConfiguration;
			buildSettings = {
				CODE_SIGN_IDENTITY = "";
				CURRENT_PROJECT_VERSION = 1;
				DEFINES_MODULE = YES;
				DYLIB_COMPATIBILITY_VERSION = 1;
				DYLIB_CURRENT_VERSION = 1;
				DYLIB_INSTALL_NAME_BASE = "@rpath";
				ENABLE_TESTABILITY = YES;
				FRAMEWORK_SEARCH_PATHS = (
					"$(inherited)",
					"$(PROJECT_DIR)/Carthage/Build/iOS",
				);
				INFOPLIST_FILE = CarthageInfo.plist;
				INSTALL_PATH = "$(LOCAL_LIBRARY_DIR)/Frameworks";
				LD_RUNPATH_SEARCH_PATHS = "$(inherited) @executable_path/Frameworks";
				PRODUCT_BUNDLE_IDENTIFIER = io.xcbuddy.xcodeproj;
				PRODUCT_NAME = xcodeproj;
				SDKROOT = iphoneos;
				SKIP_INSTALL = YES;
				TARGETED_DEVICE_FAMILY = "1,2";
				VERSIONING_SYSTEM = "apple-generic";
			};
			name = Debug;
		};
		BC_379611075409 /* Release */ = {
			isa = XCBuildConfiguration;
			buildSettings = {
				CODE_SIGN_IDENTITY = "";
				CURRENT_PROJECT_VERSION = 1;
				DEFINES_MODULE = YES;
				DYLIB_COMPATIBILITY_VERSION = 1;
				DYLIB_CURRENT_VERSION = 1;
				DYLIB_INSTALL_NAME_BASE = "@rpath";
				ENABLE_TESTABILITY = YES;
				FRAMEWORK_SEARCH_PATHS = (
					"$(inherited)",
					"$(PROJECT_DIR)/Carthage/Build/watchOS",
				);
				INFOPLIST_FILE = CarthageInfo.plist;
				INSTALL_PATH = "$(LOCAL_LIBRARY_DIR)/Frameworks";
				PRODUCT_BUNDLE_IDENTIFIER = io.xcbuddy.xcodeproj;
				PRODUCT_NAME = xcodeproj;
				SDKROOT = watchos;
				SKIP_INSTALL = YES;
				TARGETED_DEVICE_FAMILY = 4;
				VERSIONING_SYSTEM = "apple-generic";
			};
			name = Release;
		};
		BC_423154849792 /* Release */ = {
			isa = XCBuildConfiguration;
			buildSettings = {
				CODE_SIGN_IDENTITY = "";
				CURRENT_PROJECT_VERSION = 1;
				DEFINES_MODULE = YES;
				DYLIB_COMPATIBILITY_VERSION = 1;
				DYLIB_CURRENT_VERSION = 1;
				DYLIB_INSTALL_NAME_BASE = "@rpath";
				ENABLE_TESTABILITY = YES;
				FRAMEWORK_SEARCH_PATHS = (
					"$(inherited)",
					"$(PROJECT_DIR)/Carthage/Build/iOS",
				);
				INFOPLIST_FILE = CarthageInfo.plist;
				INSTALL_PATH = "$(LOCAL_LIBRARY_DIR)/Frameworks";
				LD_RUNPATH_SEARCH_PATHS = "$(inherited) @executable_path/Frameworks";
				PRODUCT_BUNDLE_IDENTIFIER = io.xcbuddy.xcodeproj;
				PRODUCT_NAME = xcodeproj;
				SDKROOT = iphoneos;
				SKIP_INSTALL = YES;
				TARGETED_DEVICE_FAMILY = "1,2";
				VERSIONING_SYSTEM = "apple-generic";
			};
			name = Release;
		};
		BC_479945831424 /* Debug */ = {
			isa = XCBuildConfiguration;
			buildSettings = {
				ALWAYS_SEARCH_USER_PATHS = NO;
				CLANG_ANALYZER_NONNULL = YES;
				CLANG_ANALYZER_NUMBER_OBJECT_CONVERSION = YES_AGGRESSIVE;
				CLANG_CXX_LANGUAGE_STANDARD = "gnu++14";
				CLANG_CXX_LIBRARY = "libc++";
				CLANG_ENABLE_MODULES = YES;
				CLANG_ENABLE_OBJC_ARC = YES;
				CLANG_WARN_BLOCK_CAPTURE_AUTORELEASING = YES;
				CLANG_WARN_BOOL_CONVERSION = YES;
				CLANG_WARN_COMMA = YES;
				CLANG_WARN_CONSTANT_CONVERSION = YES;
				CLANG_WARN_DIRECT_OBJC_ISA_USAGE = YES_ERROR;
				CLANG_WARN_DOCUMENTATION_COMMENTS = YES;
				CLANG_WARN_EMPTY_BODY = YES;
				CLANG_WARN_ENUM_CONVERSION = YES;
				CLANG_WARN_INFINITE_RECURSION = YES;
				CLANG_WARN_INT_CONVERSION = YES;
				CLANG_WARN_NON_LITERAL_NULL_CONVERSION = YES;
				CLANG_WARN_OBJC_LITERAL_CONVERSION = YES;
				CLANG_WARN_OBJC_ROOT_CLASS = YES_ERROR;
				CLANG_WARN_RANGE_LOOP_ANALYSIS = YES;
				CLANG_WARN_STRICT_PROTOTYPES = YES;
				CLANG_WARN_SUSPICIOUS_MOVE = YES;
				CLANG_WARN_UNGUARDED_AVAILABILITY = YES_AGGRESSIVE;
				CLANG_WARN_UNREACHABLE_CODE = YES;
				CLANG_WARN__DUPLICATE_METHOD_MATCH = YES;
				COPY_PHASE_STRIP = NO;
				DEBUG_INFORMATION_FORMAT = dwarf;
				ENABLE_STRICT_OBJC_MSGSEND = YES;
				ENABLE_TESTABILITY = YES;
				GCC_C_LANGUAGE_STANDARD = gnu11;
				GCC_DYNAMIC_NO_PIC = NO;
				GCC_NO_COMMON_BLOCKS = YES;
				GCC_OPTIMIZATION_LEVEL = 0;
				GCC_PREPROCESSOR_DEFINITIONS = (
					"$(inherited)",
					"DEBUG=1",
				);
				GCC_WARN_64_TO_32_BIT_CONVERSION = YES;
				GCC_WARN_ABOUT_RETURN_TYPE = YES_ERROR;
				GCC_WARN_UNDECLARED_SELECTOR = YES;
				GCC_WARN_UNINITIALIZED_AUTOS = YES_AGGRESSIVE;
				GCC_WARN_UNUSED_FUNCTION = YES;
				GCC_WARN_UNUSED_VARIABLE = YES;
				IPHONEOS_DEPLOYMENT_TARGET = 9.0;
				MACOSX_DEPLOYMENT_TARGET = 10.11;
				MTL_ENABLE_DEBUG_INFO = YES;
				ONLY_ACTIVE_ARCH = YES;
				PRODUCT_NAME = "$(TARGET_NAME)";
				SWIFT_ACTIVE_COMPILATION_CONDITIONS = DEBUG;
				SWIFT_OPTIMIZATION_LEVEL = "-Onone";
				SWIFT_VERSION = 4.0;
				TVOS_DEPLOYMENT_TARGET = 9.0;
				WATCHOS_DEPLOYMENT_TARGET = 3.0;
			};
			name = Debug;
		};
		BC_607625793152 /* Debug */ = {
			isa = XCBuildConfiguration;
			buildSettings = {
				CODE_SIGN_IDENTITY = "";
				COMBINE_HIDPI_IMAGES = YES;
				CURRENT_PROJECT_VERSION = 1;
				DEFINES_MODULE = YES;
				DYLIB_COMPATIBILITY_VERSION = 1;
				DYLIB_CURRENT_VERSION = 1;
				DYLIB_INSTALL_NAME_BASE = "@rpath";
				ENABLE_TESTABILITY = YES;
				FRAMEWORK_SEARCH_PATHS = (
					"$(inherited)",
					"$(PROJECT_DIR)/Carthage/Build/Mac",
				);
				INFOPLIST_FILE = CarthageInfo.plist;
				INSTALL_PATH = "$(LOCAL_LIBRARY_DIR)/Frameworks";
				LD_RUNPATH_SEARCH_PATHS = "$(inherited) @executable_path/../Frameworks";
				PRODUCT_BUNDLE_IDENTIFIER = io.xcbuddy.xcodeproj;
				PRODUCT_NAME = xcodeproj;
				SDKROOT = macosx;
				SKIP_INSTALL = YES;
				VERSIONING_SYSTEM = "apple-generic";
			};
			name = Debug;
		};
		BC_660607428410 /* Release */ = {
			isa = XCBuildConfiguration;
			buildSettings = {
				CODE_SIGN_IDENTITY = "";
				COMBINE_HIDPI_IMAGES = YES;
				CURRENT_PROJECT_VERSION = 1;
				DEFINES_MODULE = YES;
				DYLIB_COMPATIBILITY_VERSION = 1;
				DYLIB_CURRENT_VERSION = 1;
				DYLIB_INSTALL_NAME_BASE = "@rpath";
				ENABLE_TESTABILITY = YES;
				FRAMEWORK_SEARCH_PATHS = (
					"$(inherited)",
					"$(PROJECT_DIR)/Carthage/Build/Mac",
				);
				INFOPLIST_FILE = CarthageInfo.plist;
				INSTALL_PATH = "$(LOCAL_LIBRARY_DIR)/Frameworks";
				LD_RUNPATH_SEARCH_PATHS = "$(inherited) @executable_path/../Frameworks";
				PRODUCT_BUNDLE_IDENTIFIER = io.xcbuddy.xcodeproj;
				PRODUCT_NAME = xcodeproj;
				SDKROOT = macosx;
				SKIP_INSTALL = YES;
				VERSIONING_SYSTEM = "apple-generic";
			};
			name = Release;
		};
		BC_729052413345 /* Debug */ = {
			isa = XCBuildConfiguration;
			buildSettings = {
				CODE_SIGN_IDENTITY = "";
				CURRENT_PROJECT_VERSION = 1;
				DEFINES_MODULE = YES;
				DYLIB_COMPATIBILITY_VERSION = 1;
				DYLIB_CURRENT_VERSION = 1;
				DYLIB_INSTALL_NAME_BASE = "@rpath";
				ENABLE_TESTABILITY = YES;
				FRAMEWORK_SEARCH_PATHS = (
					"$(inherited)",
					"$(PROJECT_DIR)/Carthage/Build/watchOS",
				);
				INFOPLIST_FILE = CarthageInfo.plist;
				INSTALL_PATH = "$(LOCAL_LIBRARY_DIR)/Frameworks";
				PRODUCT_BUNDLE_IDENTIFIER = io.xcbuddy.xcodeproj;
				PRODUCT_NAME = xcodeproj;
				SDKROOT = watchos;
				SKIP_INSTALL = YES;
				TARGETED_DEVICE_FAMILY = 4;
				VERSIONING_SYSTEM = "apple-generic";
			};
			name = Debug;
		};
		BC_881114754245 /* Release */ = {
			isa = XCBuildConfiguration;
			buildSettings = {
				ALWAYS_SEARCH_USER_PATHS = NO;
				CLANG_ANALYZER_NONNULL = YES;
				CLANG_ANALYZER_NUMBER_OBJECT_CONVERSION = YES_AGGRESSIVE;
				CLANG_CXX_LANGUAGE_STANDARD = "gnu++14";
				CLANG_CXX_LIBRARY = "libc++";
				CLANG_ENABLE_MODULES = YES;
				CLANG_ENABLE_OBJC_ARC = YES;
				CLANG_WARN_BLOCK_CAPTURE_AUTORELEASING = YES;
				CLANG_WARN_BOOL_CONVERSION = YES;
				CLANG_WARN_COMMA = YES;
				CLANG_WARN_CONSTANT_CONVERSION = YES;
				CLANG_WARN_DIRECT_OBJC_ISA_USAGE = YES_ERROR;
				CLANG_WARN_DOCUMENTATION_COMMENTS = YES;
				CLANG_WARN_EMPTY_BODY = YES;
				CLANG_WARN_ENUM_CONVERSION = YES;
				CLANG_WARN_INFINITE_RECURSION = YES;
				CLANG_WARN_INT_CONVERSION = YES;
				CLANG_WARN_NON_LITERAL_NULL_CONVERSION = YES;
				CLANG_WARN_OBJC_LITERAL_CONVERSION = YES;
				CLANG_WARN_OBJC_ROOT_CLASS = YES_ERROR;
				CLANG_WARN_RANGE_LOOP_ANALYSIS = YES;
				CLANG_WARN_STRICT_PROTOTYPES = YES;
				CLANG_WARN_SUSPICIOUS_MOVE = YES;
				CLANG_WARN_UNGUARDED_AVAILABILITY = YES_AGGRESSIVE;
				CLANG_WARN_UNREACHABLE_CODE = YES;
				CLANG_WARN__DUPLICATE_METHOD_MATCH = YES;
				COPY_PHASE_STRIP = NO;
				DEBUG_INFORMATION_FORMAT = "dwarf-with-dsym";
				ENABLE_NS_ASSERTIONS = NO;
				ENABLE_STRICT_OBJC_MSGSEND = YES;
				GCC_C_LANGUAGE_STANDARD = gnu11;
				GCC_NO_COMMON_BLOCKS = YES;
				GCC_WARN_64_TO_32_BIT_CONVERSION = YES;
				GCC_WARN_ABOUT_RETURN_TYPE = YES_ERROR;
				GCC_WARN_UNDECLARED_SELECTOR = YES;
				GCC_WARN_UNINITIALIZED_AUTOS = YES_AGGRESSIVE;
				GCC_WARN_UNUSED_FUNCTION = YES;
				GCC_WARN_UNUSED_VARIABLE = YES;
				IPHONEOS_DEPLOYMENT_TARGET = 9.0;
				MACOSX_DEPLOYMENT_TARGET = 10.11;
				PRODUCT_NAME = "$(TARGET_NAME)";
				SWIFT_OPTIMIZATION_LEVEL = "-Owholemodule";
				SWIFT_VERSION = 4.0;
				TVOS_DEPLOYMENT_TARGET = 9.0;
				VALIDATE_PRODUCT = YES;
				WATCHOS_DEPLOYMENT_TARGET = 3.0;
			};
			name = Release;
		};
/* End XCBuildConfiguration section */

/* Begin XCConfigurationList section */
		CL_288369015301 /* Build configuration list for PBXProject "Carthage" */ = {
			isa = XCConfigurationList;
			buildConfigurations = (
				BC_479945831424 /* Debug */,
				BC_881114754245 /* Release */,
			);
			defaultConfigurationIsVisible = 0;
			defaultConfigurationName = Debug;
		};
		CL_600606385259 /* Build configuration list for PBXNativeTarget "xcodeproj_tvOS" */ = {
			isa = XCConfigurationList;
			buildConfigurations = (
				BC_256607803772 /* Debug */,
				BC_338775185986 /* Release */,
			);
			defaultConfigurationIsVisible = 0;
			defaultConfigurationName = "";
		};
		CL_776463914320 /* Build configuration list for PBXNativeTarget "xcodeproj_watchOS" */ = {
			isa = XCConfigurationList;
			buildConfigurations = (
				BC_729052413345 /* Debug */,
				BC_379611075409 /* Release */,
			);
			defaultConfigurationIsVisible = 0;
			defaultConfigurationName = "";
		};
		CL_861689647763 /* Build configuration list for PBXNativeTarget "xcodeproj_macOS" */ = {
			isa = XCConfigurationList;
			buildConfigurations = (
				BC_607625793152 /* Debug */,
				BC_660607428410 /* Release */,
			);
			defaultConfigurationIsVisible = 0;
			defaultConfigurationName = "";
		};
		CL_900268115459 /* Build configuration list for PBXNativeTarget "xcodeproj_iOS" */ = {
			isa = XCConfigurationList;
			buildConfigurations = (
				BC_373233757732 /* Debug */,
				BC_423154849792 /* Release */,
			);
			defaultConfigurationIsVisible = 0;
			defaultConfigurationName = "";
		};
/* End XCConfigurationList section */
	};
	rootObject = P_2883690153011 /* Project object */;
}
